PODS:
  - SnapKit (4.2.0)
  - Stem (0.0.28):
    - Stem/AVKit (= 0.0.28)
    - Stem/Core (= 0.0.28)
    - Stem/Foundation (= 0.0.28)
    - Stem/Runtime (= 0.0.28)
    - Stem/UIKit (= 0.0.28)
  - Stem/AVKit (0.0.28):
    - Stem/Core
  - Stem/Core (0.0.28)
  - Stem/Foundation (0.0.28):
    - Stem/Core
    - Stem/Foundation/Coder (= 0.0.28)
    - Stem/Foundation/Collections (= 0.0.28)
    - Stem/Foundation/Custom (= 0.0.28)
    - Stem/Foundation/Date (= 0.0.28)
    - Stem/Foundation/Dispatch (= 0.0.28)
    - Stem/Foundation/Fundamentals (= 0.0.28)
    - Stem/Foundation/NSObject (= 0.0.28)
    - Stem/Foundation/pre-release (= 0.0.28)
    - Stem/Foundation/String (= 0.0.28)
  - Stem/Foundation/Coder (0.0.28):
    - Stem/Core
  - Stem/Foundation/Collections (0.0.28):
    - Stem/Core
  - Stem/Foundation/Custom (0.0.28):
    - Stem/Core
  - Stem/Foundation/Date (0.0.28):
    - Stem/Core
  - Stem/Foundation/Dispatch (0.0.28):
    - Stem/Core
  - Stem/Foundation/Fundamentals (0.0.28):
    - Stem/Core
  - Stem/Foundation/NSObject (0.0.28):
    - Stem/Core
  - Stem/Foundation/pre-release (0.0.28):
    - Stem/Core
  - Stem/Foundation/String (0.0.28):
    - Stem/Core
  - Stem/Runtime (0.0.28)
  - Stem/UIKit (0.0.28):
    - Stem/Core
    - Stem/Runtime
    - Stem/UIKit/Application (= 0.0.28)
    - Stem/UIKit/Color (= 0.0.28)
    - Stem/UIKit/Control (= 0.0.28)
    - Stem/UIKit/Custom (= 0.0.28)
    - Stem/UIKit/Font (= 0.0.28)
    - Stem/UIKit/GestureRecognizer (= 0.0.28)
    - Stem/UIKit/Image (= 0.0.28)
    - Stem/UIKit/ImageView (= 0.0.28)
    - Stem/UIKit/InputView (= 0.0.28)
    - Stem/UIKit/Label (= 0.0.28)
    - Stem/UIKit/ListView (= 0.0.28)
    - Stem/UIKit/NavigationBar (= 0.0.28)
    - Stem/UIKit/NSLayoutConstraint (= 0.0.28)
    - Stem/UIKit/Storyboard (= 0.0.28)
    - Stem/UIKit/UIDevice (= 0.0.28)
    - Stem/UIKit/View (= 0.0.28)
    - Stem/UIKit/ViewController (= 0.0.28)
  - Stem/UIKit/Application (0.0.28):
    - Stem/Core
    - Stem/Runtime
  - Stem/UIKit/Color (0.0.28):
    - Stem/Core
    - Stem/Runtime
  - Stem/UIKit/Control (0.0.28):
    - Stem/Core
    - Stem/Runtime
  - Stem/UIKit/Custom (0.0.28):
    - Stem/Core
    - Stem/Runtime
  - Stem/UIKit/Font (0.0.28):
    - Stem/Core
    - Stem/Runtime
  - Stem/UIKit/GestureRecognizer (0.0.28):
    - Stem/Core
    - Stem/Runtime
  - Stem/UIKit/Image (0.0.28):
    - Stem/Core
    - Stem/Runtime
  - Stem/UIKit/ImageView (0.0.28):
    - Stem/Core
    - Stem/Runtime
  - Stem/UIKit/InputView (0.0.28):
    - Stem/Core
    - Stem/Runtime
  - Stem/UIKit/Label (0.0.28):
    - Stem/Core
    - Stem/Runtime
  - Stem/UIKit/ListView (0.0.28):
    - Stem/Core
    - Stem/Runtime
  - Stem/UIKit/NavigationBar (0.0.28):
    - Stem/Core
    - Stem/Runtime
  - Stem/UIKit/NSLayoutConstraint (0.0.28):
    - Stem/Core
    - Stem/Runtime
  - Stem/UIKit/Storyboard (0.0.28):
    - Stem/Core
    - Stem/Runtime
  - Stem/UIKit/UIDevice (0.0.28):
    - Stem/Core
    - Stem/Runtime
  - Stem/UIKit/View (0.0.28):
    - Stem/Core
    - Stem/Runtime
  - Stem/UIKit/ViewController (0.0.28):
    - Stem/Core
    - Stem/Runtime
  - Stuart (0.1.0):
    - Stuart/Input (= 0.1.0)
    - Stuart/SectionView (= 0.1.0)
  - Stuart/Input (0.1.0)
  - Stuart/SectionView (0.1.0)
  - SVProgressHUD (2.2.5)
  - SwiftLint (0.35.0)
  - Then (2.6.0)

DEPENDENCIES:
  - SnapKit
  - Stem (from `../`)
  - "Stuart (from `git@github.com:linhay/Stuart.git`, branch `0.1.0`)"
  - SVProgressHUD
  - SwiftLint
  - Then

SPEC REPOS:
  trunk:
    - SnapKit
    - SVProgressHUD
    - SwiftLint
    - Then

EXTERNAL SOURCES:
  Stem:
    :path: "../"
  Stuart:
    :branch: 0.1.0
    :git: "git@github.com:linhay/Stuart.git"

CHECKOUT OPTIONS:
  Stuart:
    :commit: bb7c48a46b7538cbf6ac072e7b2cbc19d4dd28b4
    :git: "git@github.com:linhay/Stuart.git"

SPEC CHECKSUMS:
  SnapKit: fe8a619752f3f27075cc9a90244d75c6c3f27e2a
  Stem: 2aea27fe4c15153bc754060e7018227dc8c4186e
  Stuart: a9a711fbb7b32a0a522947a1ccb483c5175c6f01
  SVProgressHUD: 1428aafac632c1f86f62aa4243ec12008d7a51d6
  SwiftLint: 5553187048b900c91aa03552807681bb6b027846
  Then: 90cd104fd951cec1980a03f57704ad8f784d4d79

PODFILE CHECKSUM: c8953902841baa32186c8e5a2817953ce4781ea6

COCOAPODS: 1.8.4
