PODS:
  - BLFoundation (0.9.2):
    - BLFoundation/Coder (= 0.9.2)
    - BLFoundation/Custom (= 0.9.2)
    - BLFoundation/Data (= 0.9.2)
    - BLFoundation/Date (= 0.9.2)
    - BLFoundation/Device (= 0.9.2)
    - BLFoundation/Dispatch (= 0.9.2)
    - BLFoundation/NSObject (= 0.9.2)
    - BLFoundation/Stdlib (= 0.9.2)
    - BLFoundation/String (= 0.9.2)
    - BLFoundation/URL (= 0.9.2)
  - BLFoundation/Coder (0.9.2)
  - BLFoundation/Custom (0.9.2)
  - BLFoundation/Data (0.9.2)
  - BLFoundation/Date (0.9.2)
  - BLFoundation/Device (0.9.2)
  - BLFoundation/Dispatch (0.9.2)
  - BLFoundation/NSObject (0.9.2)
  - BLFoundation/Stdlib (0.9.2)
  - BLFoundation/String (0.9.2)
  - BLFoundation/URL (0.9.2)
  - SnapKit (4.2.0)
  - Stem (0.0.22):
    - Stem/Application (= 0.0.22)
    - Stem/CGGeometry (= 0.0.22)
    - Stem/Color (= 0.0.22)
    - Stem/Control (= 0.0.22)
    - Stem/Core (= 0.0.22)
    - Stem/Font (= 0.0.22)
    - Stem/Foundation (= 0.0.22)
    - Stem/GestureRecognizer (= 0.0.22)
    - Stem/Image (= 0.0.22)
    - Stem/ImageView (= 0.0.22)
    - Stem/InputView (= 0.0.22)
    - Stem/Label (= 0.0.22)
    - Stem/ListView (= 0.0.22)
    - Stem/NavigationBar (= 0.0.22)
    - Stem/NSLayoutConstraint (= 0.0.22)
    - Stem/Storyboard (= 0.0.22)
    - Stem/UIDevice (= 0.0.22)
    - Stem/View (= 0.0.22)
    - Stem/ViewController (= 0.0.22)
  - Stem/Application (0.0.22):
    - Stem/Core
  - Stem/CGGeometry (0.0.22):
    - Stem/Core
  - Stem/Color (0.0.22):
    - Stem/Core
  - Stem/Control (0.0.22):
    - Stem/Core
  - Stem/Core (0.0.22)
  - Stem/Font (0.0.22):
    - Stem/Core
  - Stem/Foundation (0.0.22):
    - Stem/Core
  - Stem/GestureRecognizer (0.0.22):
    - Stem/Core
  - Stem/Image (0.0.22):
    - Stem/Core
  - Stem/ImageView (0.0.22):
    - Stem/Core
    - Stem/Image
  - Stem/InputView (0.0.22):
    - Stem/CGGeometry
    - Stem/Core
  - Stem/Label (0.0.22):
    - Stem/Core
  - Stem/ListView (0.0.22):
    - Stem/Core
  - Stem/NavigationBar (0.0.22):
    - Stem/Core
  - Stem/NSLayoutConstraint (0.0.22):
    - Stem/Core
  - Stem/Storyboard (0.0.22):
    - Stem/Core
  - Stem/UIDevice (0.0.22):
    - Stem/Core
  - Stem/View (0.0.22):
    - Stem/Core
  - Stem/ViewController (0.0.22):
    - Stem/Core
  - SVProgressHUD (2.2.5)
  - Then (2.4.0)

DEPENDENCIES:
  - BLFoundation
  - SnapKit
  - Stem (from `../`)
  - SVProgressHUD
  - Then

SPEC REPOS:
  https://github.com/cocoapods/specs.git:
    - BLFoundation
    - SnapKit
    - SVProgressHUD
    - Then

EXTERNAL SOURCES:
  Stem:
    :path: "../"

SPEC CHECKSUMS:
  BLFoundation: 6defc5738a980703df6a518d04501e6b7091d12d
  SnapKit: fe8a619752f3f27075cc9a90244d75c6c3f27e2a
  Stem: 8c821bff0c464931d7507fb415cbdaf28127903f
  SVProgressHUD: 1428aafac632c1f86f62aa4243ec12008d7a51d6
  Then: 71866660c7af35a7343831f7668e7cd2b62ee0f2

PODFILE CHECKSUM: f2d014bd46610e620812141722cfe2445d3794b4

COCOAPODS: 1.7.4
