// !$*UTF8*$!
{
	archiveVersion = 1;
	classes = {
	};
	objectVersion = 52;
	objects = {

/* Begin PBXBuildFile section */
		CD394C3F242B8B5000277F88 /* Stem in Frameworks */ = {isa = PBXBuildFile; productRef = CD394C3E242B8B5000277F88 /* Stem */; };
		CD394C59242BB83300277F88 /* main.swift in Sources */ = {isa = PBXBuildFile; fileRef = CD394C58242BB83300277F88 /* main.swift */; };
		CD8147FD242BBA1800D2DF0A /* StemCore in Frameworks */ = {isa = PBXBuildFile; productRef = CD8147FC242BBA1800D2DF0A /* StemCore */; };
		CDCF2D7023C57F0600107BF1 /* ViewController.swift in Sources */ = {isa = PBXBuildFile; fileRef = CDCF2D6F23C57F0600107BF1 /* ViewController.swift */; };
		CDCF2D7323C57F0600107BF1 /* Main.storyboard in Resources */ = {isa = PBXBuildFile; fileRef = CDCF2D7123C57F0600107BF1 /* Main.storyboard */; };
		CDCF2D7523C57F0700107BF1 /* Assets.xcassets in Resources */ = {isa = PBXBuildFile; fileRef = CDCF2D7423C57F0700107BF1 /* Assets.xcassets */; };
		CDCF2D7823C57F0700107BF1 /* LaunchScreen.storyboard in Resources */ = {isa = PBXBuildFile; fileRef = CDCF2D7623C57F0700107BF1 /* LaunchScreen.storyboard */; };
		CDCF2DC423C5D98800107BF1 /* AppDelegate.swift in Sources */ = {isa = PBXBuildFile; fileRef = CDCF2DC323C5D98800107BF1 /* AppDelegate.swift */; };
		CDCF2DC623C5D98800107BF1 /* ViewController.swift in Sources */ = {isa = PBXBuildFile; fileRef = CDCF2DC523C5D98800107BF1 /* ViewController.swift */; };
		CDCF2DC823C5D98900107BF1 /* Assets.xcassets in Resources */ = {isa = PBXBuildFile; fileRef = CDCF2DC723C5D98900107BF1 /* Assets.xcassets */; };
		CDCF2DCB23C5D98900107BF1 /* Main.storyboard in Resources */ = {isa = PBXBuildFile; fileRef = CDCF2DC923C5D98900107BF1 /* Main.storyboard */; };
		CDCF2DD723C5D9B100107BF1 /* watchOS WatchKit App.app in Embed Watch Content */ = {isa = PBXBuildFile; fileRef = CDCF2DD623C5D9B100107BF1 /* watchOS WatchKit App.app */; settings = {ATTRIBUTES = (RemoveHeadersOnCopy, ); }; };
		CDCF2DDD23C5D9B100107BF1 /* Interface.storyboard in Resources */ = {isa = PBXBuildFile; fileRef = CDCF2DDB23C5D9B100107BF1 /* Interface.storyboard */; };
		CDCF2DDF23C5D9B200107BF1 /* Assets.xcassets in Resources */ = {isa = PBXBuildFile; fileRef = CDCF2DDE23C5D9B200107BF1 /* Assets.xcassets */; };
		CDCF2DE623C5D9B200107BF1 /* watchOS WatchKit Extension.appex in Embed App Extensions */ = {isa = PBXBuildFile; fileRef = CDCF2DE523C5D9B200107BF1 /* watchOS WatchKit Extension.appex */; settings = {ATTRIBUTES = (RemoveHeadersOnCopy, ); }; };
		CDCF2DEB23C5D9B200107BF1 /* InterfaceController.swift in Sources */ = {isa = PBXBuildFile; fileRef = CDCF2DEA23C5D9B200107BF1 /* InterfaceController.swift */; };
		CDCF2DED23C5D9B200107BF1 /* ExtensionDelegate.swift in Sources */ = {isa = PBXBuildFile; fileRef = CDCF2DEC23C5D9B200107BF1 /* ExtensionDelegate.swift */; };
		CDCF2DEF23C5D9B200107BF1 /* NotificationController.swift in Sources */ = {isa = PBXBuildFile; fileRef = CDCF2DEE23C5D9B200107BF1 /* NotificationController.swift */; };
		CDCF2DF123C5D9B200107BF1 /* Assets.xcassets in Resources */ = {isa = PBXBuildFile; fileRef = CDCF2DF023C5D9B200107BF1 /* Assets.xcassets */; };
		CDCF2E9E23C707F800107BF1 /* AppDelegate.swift in Sources */ = {isa = PBXBuildFile; fileRef = CDCF2E9D23C707F800107BF1 /* AppDelegate.swift */; };
/* End PBXBuildFile section */

/* Begin PBXContainerItemProxy section */
		CDCF2DD823C5D9B100107BF1 /* PBXContainerItemProxy */ = {
			isa = PBXContainerItemProxy;
			containerPortal = CDCF2D4623C57CEA00107BF1 /* Project object */;
			proxyType = 1;
			remoteGlobalIDString = CDCF2DD523C5D9B100107BF1;
			remoteInfo = "watchOS WatchKit App";
		};
		CDCF2DE723C5D9B200107BF1 /* PBXContainerItemProxy */ = {
			isa = PBXContainerItemProxy;
			containerPortal = CDCF2D4623C57CEA00107BF1 /* Project object */;
			proxyType = 1;
			remoteGlobalIDString = CDCF2DE423C5D9B200107BF1;
			remoteInfo = "watchOS WatchKit Extension";
		};
/* End PBXContainerItemProxy section */

/* Begin PBXCopyFilesBuildPhase section */
		CD394C54242BB83300277F88 /* CopyFiles */ = {
			isa = PBXCopyFilesBuildPhase;
			buildActionMask = 2147483647;
			dstPath = /usr/share/man/man1/;
			dstSubfolderSpec = 0;
			files = (
			);
			runOnlyForDeploymentPostprocessing = 1;
		};
		CD394C60242BB85500277F88 /* Embed Frameworks */ = {
			isa = PBXCopyFilesBuildPhase;
			buildActionMask = 2147483647;
			dstPath = "";
			dstSubfolderSpec = 10;
			files = (
			);
			name = "Embed Frameworks";
			runOnlyForDeploymentPostprocessing = 0;
		};
		CDCF2DF723C5D9B200107BF1 /* Embed App Extensions */ = {
			isa = PBXCopyFilesBuildPhase;
			buildActionMask = 2147483647;
			dstPath = "";
			dstSubfolderSpec = 13;
			files = (
				CDCF2DE623C5D9B200107BF1 /* watchOS WatchKit Extension.appex in Embed App Extensions */,
			);
			name = "Embed App Extensions";
			runOnlyForDeploymentPostprocessing = 0;
		};
		CDCF2DFB23C5D9B200107BF1 /* Embed Watch Content */ = {
			isa = PBXCopyFilesBuildPhase;
			buildActionMask = 2147483647;
			dstPath = "$(CONTENTS_FOLDER_PATH)/Watch";
			dstSubfolderSpec = 16;
			files = (
				CDCF2DD723C5D9B100107BF1 /* watchOS WatchKit App.app in Embed Watch Content */,
			);
			name = "Embed Watch Content";
			runOnlyForDeploymentPostprocessing = 0;
		};
/* End PBXCopyFilesBuildPhase section */

/* Begin PBXFileReference section */
		1B90A2893A3E4EB49AD704D7 /* Pods-macOS.debug.xcconfig */ = {isa = PBXFileReference; includeInIndex = 1; lastKnownFileType = text.xcconfig; name = "Pods-macOS.debug.xcconfig"; path = "Target Support Files/Pods-macOS/Pods-macOS.debug.xcconfig"; sourceTree = "<group>"; };
		3EC134089E3A78F234C184FC /* libPods-macOS.a */ = {isa = PBXFileReference; explicitFileType = archive.ar; includeInIndex = 0; path = "libPods-macOS.a"; sourceTree = BUILT_PRODUCTS_DIR; };
		93A91B7AC082DE5E9D84C878 /* Pods-macOS.release.xcconfig */ = {isa = PBXFileReference; includeInIndex = 1; lastKnownFileType = text.xcconfig; name = "Pods-macOS.release.xcconfig"; path = "Target Support Files/Pods-macOS/Pods-macOS.release.xcconfig"; sourceTree = "<group>"; };
		A7E5718611A5FFDDC60392B9 /* Pods_Template.framework */ = {isa = PBXFileReference; explicitFileType = wrapper.framework; includeInIndex = 0; path = Pods_Template.framework; sourceTree = BUILT_PRODUCTS_DIR; };
		CD394C56242BB83300277F88 /* macOS */ = {isa = PBXFileReference; explicitFileType = "compiled.mach-o.executable"; includeInIndex = 0; path = macOS; sourceTree = BUILT_PRODUCTS_DIR; };
		CD394C58242BB83300277F88 /* main.swift */ = {isa = PBXFileReference; lastKnownFileType = sourcecode.swift; path = main.swift; sourceTree = "<group>"; };
		CDCF2D6923C57F0600107BF1 /* iOS.app */ = {isa = PBXFileReference; explicitFileType = wrapper.application; includeInIndex = 0; path = iOS.app; sourceTree = BUILT_PRODUCTS_DIR; };
		CDCF2D6F23C57F0600107BF1 /* ViewController.swift */ = {isa = PBXFileReference; lastKnownFileType = sourcecode.swift; path = ViewController.swift; sourceTree = "<group>"; };
		CDCF2D7223C57F0600107BF1 /* Base */ = {isa = PBXFileReference; lastKnownFileType = file.storyboard; name = Base; path = Base.lproj/Main.storyboard; sourceTree = "<group>"; };
		CDCF2D7423C57F0700107BF1 /* Assets.xcassets */ = {isa = PBXFileReference; lastKnownFileType = folder.assetcatalog; path = Assets.xcassets; sourceTree = "<group>"; };
		CDCF2D7723C57F0700107BF1 /* Base */ = {isa = PBXFileReference; lastKnownFileType = file.storyboard; name = Base; path = Base.lproj/LaunchScreen.storyboard; sourceTree = "<group>"; };
		CDCF2D7923C57F0700107BF1 /* Info.plist */ = {isa = PBXFileReference; lastKnownFileType = text.plist.xml; path = Info.plist; sourceTree = "<group>"; };
		CDCF2DC123C5D98800107BF1 /* tvOS.app */ = {isa = PBXFileReference; explicitFileType = wrapper.application; includeInIndex = 0; path = tvOS.app; sourceTree = BUILT_PRODUCTS_DIR; };
		CDCF2DC323C5D98800107BF1 /* AppDelegate.swift */ = {isa = PBXFileReference; lastKnownFileType = sourcecode.swift; path = AppDelegate.swift; sourceTree = "<group>"; };
		CDCF2DC523C5D98800107BF1 /* ViewController.swift */ = {isa = PBXFileReference; lastKnownFileType = sourcecode.swift; path = ViewController.swift; sourceTree = "<group>"; };
		CDCF2DC723C5D98900107BF1 /* Assets.xcassets */ = {isa = PBXFileReference; lastKnownFileType = folder.assetcatalog; path = Assets.xcassets; sourceTree = "<group>"; };
		CDCF2DCA23C5D98900107BF1 /* Base */ = {isa = PBXFileReference; lastKnownFileType = file.storyboard; name = Base; path = Base.lproj/Main.storyboard; sourceTree = "<group>"; };
		CDCF2DCC23C5D98900107BF1 /* Info.plist */ = {isa = PBXFileReference; lastKnownFileType = text.plist.xml; path = Info.plist; sourceTree = "<group>"; };
		CDCF2DCD23C5D98900107BF1 /* tvOS.entitlements */ = {isa = PBXFileReference; lastKnownFileType = text.plist.entitlements; path = tvOS.entitlements; sourceTree = "<group>"; };
		CDCF2DD323C5D9B100107BF1 /* watchOS.app */ = {isa = PBXFileReference; explicitFileType = wrapper.application; includeInIndex = 0; path = watchOS.app; sourceTree = BUILT_PRODUCTS_DIR; };
		CDCF2DD623C5D9B100107BF1 /* watchOS WatchKit App.app */ = {isa = PBXFileReference; explicitFileType = wrapper.application; includeInIndex = 0; path = "watchOS WatchKit App.app"; sourceTree = BUILT_PRODUCTS_DIR; };
		CDCF2DDC23C5D9B100107BF1 /* Base */ = {isa = PBXFileReference; lastKnownFileType = file.storyboard; name = Base; path = Base.lproj/Interface.storyboard; sourceTree = "<group>"; };
		CDCF2DDE23C5D9B200107BF1 /* Assets.xcassets */ = {isa = PBXFileReference; lastKnownFileType = folder.assetcatalog; path = Assets.xcassets; sourceTree = "<group>"; };
		CDCF2DE023C5D9B200107BF1 /* Info.plist */ = {isa = PBXFileReference; lastKnownFileType = text.plist.xml; path = Info.plist; sourceTree = "<group>"; };
		CDCF2DE523C5D9B200107BF1 /* watchOS WatchKit Extension.appex */ = {isa = PBXFileReference; explicitFileType = "wrapper.app-extension"; includeInIndex = 0; path = "watchOS WatchKit Extension.appex"; sourceTree = BUILT_PRODUCTS_DIR; };
		CDCF2DEA23C5D9B200107BF1 /* InterfaceController.swift */ = {isa = PBXFileReference; lastKnownFileType = sourcecode.swift; path = InterfaceController.swift; sourceTree = "<group>"; };
		CDCF2DEC23C5D9B200107BF1 /* ExtensionDelegate.swift */ = {isa = PBXFileReference; lastKnownFileType = sourcecode.swift; path = ExtensionDelegate.swift; sourceTree = "<group>"; };
		CDCF2DEE23C5D9B200107BF1 /* NotificationController.swift */ = {isa = PBXFileReference; lastKnownFileType = sourcecode.swift; path = NotificationController.swift; sourceTree = "<group>"; };
		CDCF2DF023C5D9B200107BF1 /* Assets.xcassets */ = {isa = PBXFileReference; lastKnownFileType = folder.assetcatalog; path = Assets.xcassets; sourceTree = "<group>"; };
		CDCF2DF223C5D9B200107BF1 /* Info.plist */ = {isa = PBXFileReference; lastKnownFileType = text.plist.xml; path = Info.plist; sourceTree = "<group>"; };
		CDCF2DF323C5D9B200107BF1 /* PushNotificationPayload.apns */ = {isa = PBXFileReference; lastKnownFileType = text; path = PushNotificationPayload.apns; sourceTree = "<group>"; };
		CDCF2E9D23C707F800107BF1 /* AppDelegate.swift */ = {isa = PBXFileReference; fileEncoding = 4; lastKnownFileType = sourcecode.swift; path = AppDelegate.swift; sourceTree = "<group>"; };
		D03465C6BAE4F6B45B67A39D /* Pods-Template.release.xcconfig */ = {isa = PBXFileReference; includeInIndex = 1; lastKnownFileType = text.xcconfig; name = "Pods-Template.release.xcconfig"; path = "Target Support Files/Pods-Template/Pods-Template.release.xcconfig"; sourceTree = "<group>"; };
		F56F5CC005DAD934C2035237 /* Pods-Template.debug.xcconfig */ = {isa = PBXFileReference; includeInIndex = 1; lastKnownFileType = text.xcconfig; name = "Pods-Template.debug.xcconfig"; path = "Target Support Files/Pods-Template/Pods-Template.debug.xcconfig"; sourceTree = "<group>"; };
/* End PBXFileReference section */

/* Begin PBXFrameworksBuildPhase section */
		10BF30CC5C9F641203BBBA7D /* Frameworks */ = {
			isa = PBXFrameworksBuildPhase;
			buildActionMask = 2147483647;
			files = (
			);
			runOnlyForDeploymentPostprocessing = 0;
		};
		CD394C53242BB83300277F88 /* Frameworks */ = {
			isa = PBXFrameworksBuildPhase;
			buildActionMask = 2147483647;
			files = (
				CD8147FD242BBA1800D2DF0A /* StemCore in Frameworks */,
			);
			runOnlyForDeploymentPostprocessing = 0;
		};
		CDCF2D6623C57F0600107BF1 /* Frameworks */ = {
			isa = PBXFrameworksBuildPhase;
			buildActionMask = 2147483647;
			files = (
				CD394C3F242B8B5000277F88 /* Stem in Frameworks */,
			);
			runOnlyForDeploymentPostprocessing = 0;
		};
		CDCF2DBE23C5D98800107BF1 /* Frameworks */ = {
			isa = PBXFrameworksBuildPhase;
			buildActionMask = 2147483647;
			files = (
			);
			runOnlyForDeploymentPostprocessing = 0;
		};
		CDCF2DE223C5D9B200107BF1 /* Frameworks */ = {
			isa = PBXFrameworksBuildPhase;
			buildActionMask = 2147483647;
			files = (
			);
			runOnlyForDeploymentPostprocessing = 0;
		};
		E8FCD3F15FEECE8955CF67A6 /* Frameworks */ = {
			isa = PBXFrameworksBuildPhase;
			buildActionMask = 2147483647;
			files = (
			);
			runOnlyForDeploymentPostprocessing = 0;
		};
/* End PBXFrameworksBuildPhase section */

/* Begin PBXGroup section */
		890AC7DD7071C163431E4DD5 /* Frameworks */ = {
			isa = PBXGroup;
			children = (
				A7E5718611A5FFDDC60392B9 /* Pods_Template.framework */,
				3EC134089E3A78F234C184FC /* libPods-macOS.a */,
			);
			name = Frameworks;
			sourceTree = "<group>";
		};
		CD394C57242BB83300277F88 /* macOS */ = {
			isa = PBXGroup;
			children = (
				CD394C58242BB83300277F88 /* main.swift */,
			);
			path = macOS;
			sourceTree = "<group>";
		};
		CDCF2D4523C57CEA00107BF1 = {
			isa = PBXGroup;
			children = (
				CDCF2D6A23C57F0600107BF1 /* iOS */,
				CDCF2DC223C5D98800107BF1 /* tvOS */,
				CDCF2DDA23C5D9B100107BF1 /* watchOS WatchKit App */,
				CDCF2DE923C5D9B200107BF1 /* watchOS WatchKit Extension */,
				CD394C57242BB83300277F88 /* macOS */,
				CDCF2D4F23C57CEA00107BF1 /* Products */,
				FA5AF7567AF7EE1128E00793 /* Pods */,
				890AC7DD7071C163431E4DD5 /* Frameworks */,
			);
			sourceTree = "<group>";
		};
		CDCF2D4F23C57CEA00107BF1 /* Products */ = {
			isa = PBXGroup;
			children = (
				CDCF2D6923C57F0600107BF1 /* iOS.app */,
				CDCF2DC123C5D98800107BF1 /* tvOS.app */,
				CDCF2DD323C5D9B100107BF1 /* watchOS.app */,
				CDCF2DD623C5D9B100107BF1 /* watchOS WatchKit App.app */,
				CDCF2DE523C5D9B200107BF1 /* watchOS WatchKit Extension.appex */,
				CD394C56242BB83300277F88 /* macOS */,
			);
			name = Products;
			sourceTree = "<group>";
		};
		CDCF2D6A23C57F0600107BF1 /* iOS */ = {
			isa = PBXGroup;
			children = (
				CDCF2E9D23C707F800107BF1 /* AppDelegate.swift */,
				CDCF2D6F23C57F0600107BF1 /* ViewController.swift */,
				CDCF2D7123C57F0600107BF1 /* Main.storyboard */,
				CDCF2D7423C57F0700107BF1 /* Assets.xcassets */,
				CDCF2D7623C57F0700107BF1 /* LaunchScreen.storyboard */,
				CDCF2D7923C57F0700107BF1 /* Info.plist */,
			);
			path = iOS;
			sourceTree = "<group>";
		};
		CDCF2DC223C5D98800107BF1 /* tvOS */ = {
			isa = PBXGroup;
			children = (
				CDCF2DC323C5D98800107BF1 /* AppDelegate.swift */,
				CDCF2DC523C5D98800107BF1 /* ViewController.swift */,
				CDCF2DC723C5D98900107BF1 /* Assets.xcassets */,
				CDCF2DC923C5D98900107BF1 /* Main.storyboard */,
				CDCF2DCC23C5D98900107BF1 /* Info.plist */,
				CDCF2DCD23C5D98900107BF1 /* tvOS.entitlements */,
			);
			path = tvOS;
			sourceTree = "<group>";
		};
		CDCF2DDA23C5D9B100107BF1 /* watchOS WatchKit App */ = {
			isa = PBXGroup;
			children = (
				CDCF2DDB23C5D9B100107BF1 /* Interface.storyboard */,
				CDCF2DDE23C5D9B200107BF1 /* Assets.xcassets */,
				CDCF2DE023C5D9B200107BF1 /* Info.plist */,
			);
			path = "watchOS WatchKit App";
			sourceTree = "<group>";
		};
		CDCF2DE923C5D9B200107BF1 /* watchOS WatchKit Extension */ = {
			isa = PBXGroup;
			children = (
				CDCF2DEA23C5D9B200107BF1 /* InterfaceController.swift */,
				CDCF2DEC23C5D9B200107BF1 /* ExtensionDelegate.swift */,
				CDCF2DEE23C5D9B200107BF1 /* NotificationController.swift */,
				CDCF2DF023C5D9B200107BF1 /* Assets.xcassets */,
				CDCF2DF223C5D9B200107BF1 /* Info.plist */,
				CDCF2DF323C5D9B200107BF1 /* PushNotificationPayload.apns */,
			);
			path = "watchOS WatchKit Extension";
			sourceTree = "<group>";
		};
		FA5AF7567AF7EE1128E00793 /* Pods */ = {
			isa = PBXGroup;
			children = (
				F56F5CC005DAD934C2035237 /* Pods-Template.debug.xcconfig */,
				D03465C6BAE4F6B45B67A39D /* Pods-Template.release.xcconfig */,
				1B90A2893A3E4EB49AD704D7 /* Pods-macOS.debug.xcconfig */,
				93A91B7AC082DE5E9D84C878 /* Pods-macOS.release.xcconfig */,
			);
			path = Pods;
			sourceTree = "<group>";
		};
/* End PBXGroup section */

/* Begin PBXNativeTarget section */
		CD394C55242BB83300277F88 /* macOS */ = {
			isa = PBXNativeTarget;
			buildConfigurationList = CD394C5A242BB83300277F88 /* Build configuration list for PBXNativeTarget "macOS" */;
			buildPhases = (
				33B1884F7E2124FFEF9F8C27 /* [CP] Check Pods Manifest.lock */,
				CD394C52242BB83300277F88 /* Sources */,
				CD394C53242BB83300277F88 /* Frameworks */,
				CD394C54242BB83300277F88 /* CopyFiles */,
				CD394C60242BB85500277F88 /* Embed Frameworks */,
			);
			buildRules = (
			);
			dependencies = (
			);
			name = macOS;
			packageProductDependencies = (
				CD8147FC242BBA1800D2DF0A /* StemCore */,
			);
			productName = macOS;
			productReference = CD394C56242BB83300277F88 /* macOS */;
			productType = "com.apple.product-type.tool";
		};
		CDCF2D6823C57F0600107BF1 /* iOS */ = {
			isa = PBXNativeTarget;
			buildConfigurationList = CDCF2D7A23C57F0700107BF1 /* Build configuration list for PBXNativeTarget "iOS" */;
			buildPhases = (
				CDCF2E1823C606B400107BF1 /* Script-Git */,
				CDCF2E4823C6D1EC00107BF1 /* Script-license */,
				CDCF2E4623C6CC5000107BF1 /* Script-SwiftLint */,
				CDCF2D6523C57F0600107BF1 /* Sources */,
				CDCF2D6623C57F0600107BF1 /* Frameworks */,
				CDCF2D6723C57F0600107BF1 /* Resources */,
			);
			buildRules = (
			);
			dependencies = (
			);
			name = iOS;
			packageProductDependencies = (
				CD394C3E242B8B5000277F88 /* Stem */,
			);
			productName = iOS;
			productReference = CDCF2D6923C57F0600107BF1 /* iOS.app */;
			productType = "com.apple.product-type.application";
		};
		CDCF2DC023C5D98800107BF1 /* tvOS */ = {
			isa = PBXNativeTarget;
			buildConfigurationList = CDCF2DD023C5D98900107BF1 /* Build configuration list for PBXNativeTarget "tvOS" */;
			buildPhases = (
				CDCF2DBD23C5D98800107BF1 /* Sources */,
				CDCF2DBE23C5D98800107BF1 /* Frameworks */,
				CDCF2DBF23C5D98800107BF1 /* Resources */,
			);
			buildRules = (
			);
			dependencies = (
			);
			name = tvOS;
			productName = tvOS;
			productReference = CDCF2DC123C5D98800107BF1 /* tvOS.app */;
			productType = "com.apple.product-type.application";
		};
		CDCF2DD223C5D9B100107BF1 /* watchOS */ = {
			isa = PBXNativeTarget;
			buildConfigurationList = CDCF2DFC23C5D9B200107BF1 /* Build configuration list for PBXNativeTarget "watchOS" */;
			buildPhases = (
				CDCF2DD123C5D9B100107BF1 /* Resources */,
				CDCF2DFB23C5D9B200107BF1 /* Embed Watch Content */,
				10BF30CC5C9F641203BBBA7D /* Frameworks */,
			);
			buildRules = (
			);
			dependencies = (
				CDCF2DD923C5D9B100107BF1 /* PBXTargetDependency */,
			);
			name = watchOS;
			productName = watchOS;
			productReference = CDCF2DD323C5D9B100107BF1 /* watchOS.app */;
			productType = "com.apple.product-type.application.watchapp2-container";
		};
		CDCF2DD523C5D9B100107BF1 /* watchOS WatchKit App */ = {
			isa = PBXNativeTarget;
			buildConfigurationList = CDCF2DF823C5D9B200107BF1 /* Build configuration list for PBXNativeTarget "watchOS WatchKit App" */;
			buildPhases = (
				CDCF2DD423C5D9B100107BF1 /* Resources */,
				CDCF2DF723C5D9B200107BF1 /* Embed App Extensions */,
				E8FCD3F15FEECE8955CF67A6 /* Frameworks */,
			);
			buildRules = (
			);
			dependencies = (
				CDCF2DE823C5D9B200107BF1 /* PBXTargetDependency */,
			);
			name = "watchOS WatchKit App";
			productName = "watchOS WatchKit App";
			productReference = CDCF2DD623C5D9B100107BF1 /* watchOS WatchKit App.app */;
			productType = "com.apple.product-type.application.watchapp2";
		};
		CDCF2DE423C5D9B200107BF1 /* watchOS WatchKit Extension */ = {
			isa = PBXNativeTarget;
			buildConfigurationList = CDCF2DF423C5D9B200107BF1 /* Build configuration list for PBXNativeTarget "watchOS WatchKit Extension" */;
			buildPhases = (
				CDCF2DE123C5D9B200107BF1 /* Sources */,
				CDCF2DE223C5D9B200107BF1 /* Frameworks */,
				CDCF2DE323C5D9B200107BF1 /* Resources */,
			);
			buildRules = (
			);
			dependencies = (
			);
			name = "watchOS WatchKit Extension";
			productName = "watchOS WatchKit Extension";
			productReference = CDCF2DE523C5D9B200107BF1 /* watchOS WatchKit Extension.appex */;
			productType = "com.apple.product-type.watchkit2-extension";
		};
/* End PBXNativeTarget section */

/* Begin PBXProject section */
		CDCF2D4623C57CEA00107BF1 /* Project object */ = {
			isa = PBXProject;
			attributes = {
				LastSwiftUpdateCheck = 1140;
				LastUpgradeCheck = 1140;
				ORGANIZATIONNAME = linhey.pod.template.ios;
				TargetAttributes = {
					CD394C55242BB83300277F88 = {
						CreatedOnToolsVersion = 11.4;
					};
					CDCF2D6823C57F0600107BF1 = {
						CreatedOnToolsVersion = 11.3;
					};
					CDCF2DC023C5D98800107BF1 = {
						CreatedOnToolsVersion = 11.3;
					};
					CDCF2DD223C5D9B100107BF1 = {
						CreatedOnToolsVersion = 11.3;
					};
					CDCF2DD523C5D9B100107BF1 = {
						CreatedOnToolsVersion = 11.3;
					};
					CDCF2DE423C5D9B200107BF1 = {
						CreatedOnToolsVersion = 11.3;
					};
				};
			};
			buildConfigurationList = CDCF2D4923C57CEA00107BF1 /* Build configuration list for PBXProject "Template" */;
			compatibilityVersion = "Xcode 9.3";
			developmentRegion = en;
			hasScannedForEncodings = 0;
			knownRegions = (
				en,
				Base,
			);
			mainGroup = CDCF2D4523C57CEA00107BF1;
			packageReferences = (
				CD394C3D242B8B5000277F88 /* XCRemoteSwiftPackageReference "Stem" */,
			);
			productRefGroup = CDCF2D4F23C57CEA00107BF1 /* Products */;
			projectDirPath = "";
			projectRoot = "";
			targets = (
				CDCF2D6823C57F0600107BF1 /* iOS */,
				CDCF2DC023C5D98800107BF1 /* tvOS */,
				CDCF2DD223C5D9B100107BF1 /* watchOS */,
				CDCF2DD523C5D9B100107BF1 /* watchOS WatchKit App */,
				CDCF2DE423C5D9B200107BF1 /* watchOS WatchKit Extension */,
				CD394C55242BB83300277F88 /* macOS */,
			);
		};
/* End PBXProject section */

/* Begin PBXResourcesBuildPhase section */
		CDCF2D6723C57F0600107BF1 /* Resources */ = {
			isa = PBXResourcesBuildPhase;
			buildActionMask = 2147483647;
			files = (
				CDCF2D7823C57F0700107BF1 /* LaunchScreen.storyboard in Resources */,
				CDCF2D7523C57F0700107BF1 /* Assets.xcassets in Resources */,
				CDCF2D7323C57F0600107BF1 /* Main.storyboard in Resources */,
			);
			runOnlyForDeploymentPostprocessing = 0;
		};
		CDCF2DBF23C5D98800107BF1 /* Resources */ = {
			isa = PBXResourcesBuildPhase;
			buildActionMask = 2147483647;
			files = (
				CDCF2DC823C5D98900107BF1 /* Assets.xcassets in Resources */,
				CDCF2DCB23C5D98900107BF1 /* Main.storyboard in Resources */,
			);
			runOnlyForDeploymentPostprocessing = 0;
		};
		CDCF2DD123C5D9B100107BF1 /* Resources */ = {
			isa = PBXResourcesBuildPhase;
			buildActionMask = 2147483647;
			files = (
			);
			runOnlyForDeploymentPostprocessing = 0;
		};
		CDCF2DD423C5D9B100107BF1 /* Resources */ = {
			isa = PBXResourcesBuildPhase;
			buildActionMask = 2147483647;
			files = (
				CDCF2DDF23C5D9B200107BF1 /* Assets.xcassets in Resources */,
				CDCF2DDD23C5D9B100107BF1 /* Interface.storyboard in Resources */,
			);
			runOnlyForDeploymentPostprocessing = 0;
		};
		CDCF2DE323C5D9B200107BF1 /* Resources */ = {
			isa = PBXResourcesBuildPhase;
			buildActionMask = 2147483647;
			files = (
				CDCF2DF123C5D9B200107BF1 /* Assets.xcassets in Resources */,
			);
			runOnlyForDeploymentPostprocessing = 0;
		};
/* End PBXResourcesBuildPhase section */

/* Begin PBXShellScriptBuildPhase section */
		33B1884F7E2124FFEF9F8C27 /* [CP] Check Pods Manifest.lock */ = {
			isa = PBXShellScriptBuildPhase;
			buildActionMask = 2147483647;
			files = (
			);
			inputFileListPaths = (
			);
			inputPaths = (
				"${PODS_PODFILE_DIR_PATH}/Podfile.lock",
				"${PODS_ROOT}/Manifest.lock",
			);
			name = "[CP] Check Pods Manifest.lock";
			outputFileListPaths = (
			);
			outputPaths = (
				"$(DERIVED_FILE_DIR)/Pods-macOS-checkManifestLockResult.txt",
			);
			runOnlyForDeploymentPostprocessing = 0;
			shellPath = /bin/sh;
			shellScript = "diff \"${PODS_PODFILE_DIR_PATH}/Podfile.lock\" \"${PODS_ROOT}/Manifest.lock\" > /dev/null\nif [ $? != 0 ] ; then\n    # print error to STDERR\n    echo \"error: The sandbox is not in sync with the Podfile.lock. Run 'pod install' or update your CocoaPods installation.\" >&2\n    exit 1\nfi\n# This output is used by Xcode 'outputs' to avoid re-running this script phase.\necho \"SUCCESS\" > \"${SCRIPT_OUTPUT_FILE_0}\"\n";
			showEnvVarsInLog = 0;
		};
		CDCF2E1823C606B400107BF1 /* Script-Git */ = {
			isa = PBXShellScriptBuildPhase;
			buildActionMask = 2147483647;
			files = (
			);
			inputFileListPaths = (
			);
			inputPaths = (
			);
			name = "Script-Git";
			outputFileListPaths = (
			);
			outputPaths = (
			);
			runOnlyForDeploymentPostprocessing = 0;
			shellPath = /bin/sh;
			shellScript = "# Type a script or drag a script file from your workspace to insert its path.\nsh \"$PROJECT_DIR/scripts/git_config.sh\"\n";
		};
		CDCF2E4623C6CC5000107BF1 /* Script-SwiftLint */ = {
			isa = PBXShellScriptBuildPhase;
			buildActionMask = 2147483647;
			files = (
			);
			inputFileListPaths = (
			);
			inputPaths = (
			);
			name = "Script-SwiftLint";
			outputFileListPaths = (
			);
			outputPaths = (
			);
			runOnlyForDeploymentPostprocessing = 0;
			shellPath = /bin/sh;
			shellScript = "# Type a script or drag a script file from your workspace to insert its path.\n\"${PODS_ROOT}/SwiftLint/swiftlint\"\n";
		};
		CDCF2E4823C6D1EC00107BF1 /* Script-license */ = {
			isa = PBXShellScriptBuildPhase;
			buildActionMask = 2147483647;
			files = (
			);
			inputFileListPaths = (
			);
			inputPaths = (
			);
			name = "Script-license";
			outputFileListPaths = (
			);
			outputPaths = (
			);
			runOnlyForDeploymentPostprocessing = 0;
			shellPath = /bin/sh;
			shellScript = "# Type a script or drag a script file from your workspace to insert its path.\npython3 \"$PROJECT_DIR/scripts/license.py\"\n";
		};
/* End PBXShellScriptBuildPhase section */

/* Begin PBXSourcesBuildPhase section */
		CD394C52242BB83300277F88 /* Sources */ = {
			isa = PBXSourcesBuildPhase;
			buildActionMask = 2147483647;
			files = (
				CD394C59242BB83300277F88 /* main.swift in Sources */,
			);
			runOnlyForDeploymentPostprocessing = 0;
		};
		CDCF2D6523C57F0600107BF1 /* Sources */ = {
			isa = PBXSourcesBuildPhase;
			buildActionMask = 2147483647;
			files = (
				CDCF2E9E23C707F800107BF1 /* AppDelegate.swift in Sources */,
				CDCF2D7023C57F0600107BF1 /* ViewController.swift in Sources */,
			);
			runOnlyForDeploymentPostprocessing = 0;
		};
		CDCF2DBD23C5D98800107BF1 /* Sources */ = {
			isa = PBXSourcesBuildPhase;
			buildActionMask = 2147483647;
			files = (
				CDCF2DC623C5D98800107BF1 /* ViewController.swift in Sources */,
				CDCF2DC423C5D98800107BF1 /* AppDelegate.swift in Sources */,
			);
			runOnlyForDeploymentPostprocessing = 0;
		};
		CDCF2DE123C5D9B200107BF1 /* Sources */ = {
			isa = PBXSourcesBuildPhase;
			buildActionMask = 2147483647;
			files = (
				CDCF2DEF23C5D9B200107BF1 /* NotificationController.swift in Sources */,
				CDCF2DED23C5D9B200107BF1 /* ExtensionDelegate.swift in Sources */,
				CDCF2DEB23C5D9B200107BF1 /* InterfaceController.swift in Sources */,
			);
			runOnlyForDeploymentPostprocessing = 0;
		};
/* End PBXSourcesBuildPhase section */

/* Begin PBXTargetDependency section */
		CDCF2DD923C5D9B100107BF1 /* PBXTargetDependency */ = {
			isa = PBXTargetDependency;
			target = CDCF2DD523C5D9B100107BF1 /* watchOS WatchKit App */;
			targetProxy = CDCF2DD823C5D9B100107BF1 /* PBXContainerItemProxy */;
		};
		CDCF2DE823C5D9B200107BF1 /* PBXTargetDependency */ = {
			isa = PBXTargetDependency;
			target = CDCF2DE423C5D9B200107BF1 /* watchOS WatchKit Extension */;
			targetProxy = CDCF2DE723C5D9B200107BF1 /* PBXContainerItemProxy */;
		};
/* End PBXTargetDependency section */

/* Begin PBXVariantGroup section */
		CDCF2D7123C57F0600107BF1 /* Main.storyboard */ = {
			isa = PBXVariantGroup;
			children = (
				CDCF2D7223C57F0600107BF1 /* Base */,
			);
			name = Main.storyboard;
			sourceTree = "<group>";
		};
		CDCF2D7623C57F0700107BF1 /* LaunchScreen.storyboard */ = {
			isa = PBXVariantGroup;
			children = (
				CDCF2D7723C57F0700107BF1 /* Base */,
			);
			name = LaunchScreen.storyboard;
			sourceTree = "<group>";
		};
		CDCF2DC923C5D98900107BF1 /* Main.storyboard */ = {
			isa = PBXVariantGroup;
			children = (
				CDCF2DCA23C5D98900107BF1 /* Base */,
			);
			name = Main.storyboard;
			sourceTree = "<group>";
		};
		CDCF2DDB23C5D9B100107BF1 /* Interface.storyboard */ = {
			isa = PBXVariantGroup;
			children = (
				CDCF2DDC23C5D9B100107BF1 /* Base */,
			);
			name = Interface.storyboard;
			sourceTree = "<group>";
		};
/* End PBXVariantGroup section */

/* Begin XCBuildConfiguration section */
		CD394C5B242BB83300277F88 /* Debug */ = {
			isa = XCBuildConfiguration;
			baseConfigurationReference = 1B90A2893A3E4EB49AD704D7 /* Pods-macOS.debug.xcconfig */;
			buildSettings = {
				CODE_SIGN_IDENTITY = "-";
				CODE_SIGN_STYLE = Automatic;
				DEVELOPMENT_TEAM = 3L8RM3MDLS;
				ENABLE_HARDENED_RUNTIME = YES;
				MACOSX_DEPLOYMENT_TARGET = 10.15;
				PRODUCT_NAME = "$(TARGET_NAME)";
				SDKROOT = macosx;
				SWIFT_VERSION = 5.0;
			};
			name = Debug;
		};
		CD394C5C242BB83300277F88 /* Release */ = {
			isa = XCBuildConfiguration;
			baseConfigurationReference = 93A91B7AC082DE5E9D84C878 /* Pods-macOS.release.xcconfig */;
			buildSettings = {
				CODE_SIGN_IDENTITY = "-";
				CODE_SIGN_STYLE = Automatic;
				DEVELOPMENT_TEAM = 3L8RM3MDLS;
				ENABLE_HARDENED_RUNTIME = YES;
				MACOSX_DEPLOYMENT_TARGET = 10.15;
				PRODUCT_NAME = "$(TARGET_NAME)";
				SDKROOT = macosx;
				SWIFT_VERSION = 5.0;
			};
			name = Release;
		};
		CDCF2D6023C57CEB00107BF1 /* Debug */ = {
			isa = XCBuildConfiguration;
			buildSettings = {
				ALWAYS_SEARCH_USER_PATHS = NO;
				CLANG_ANALYZER_NONNULL = YES;
				CLANG_ANALYZER_NUMBER_OBJECT_CONVERSION = YES_AGGRESSIVE;
				CLANG_CXX_LANGUAGE_STANDARD = "gnu++14";
				CLANG_CXX_LIBRARY = "libc++";
				CLANG_ENABLE_MODULES = YES;
				CLANG_ENABLE_OBJC_ARC = YES;
				CLANG_ENABLE_OBJC_WEAK = YES;
				CLANG_WARN_BLOCK_CAPTURE_AUTORELEASING = YES;
				CLANG_WARN_BOOL_CONVERSION = YES;
				CLANG_WARN_COMMA = YES;
				CLANG_WARN_CONSTANT_CONVERSION = YES;
				CLANG_WARN_DEPRECATED_OBJC_IMPLEMENTATIONS = YES;
				CLANG_WARN_DIRECT_OBJC_ISA_USAGE = YES_ERROR;
				CLANG_WARN_DOCUMENTATION_COMMENTS = YES;
				CLANG_WARN_EMPTY_BODY = YES;
				CLANG_WARN_ENUM_CONVERSION = YES;
				CLANG_WARN_INFINITE_RECURSION = YES;
				CLANG_WARN_INT_CONVERSION = YES;
				CLANG_WARN_NON_LITERAL_NULL_CONVERSION = YES;
				CLANG_WARN_OBJC_IMPLICIT_RETAIN_SELF = YES;
				CLANG_WARN_OBJC_LITERAL_CONVERSION = YES;
				CLANG_WARN_OBJC_ROOT_CLASS = YES_ERROR;
				CLANG_WARN_RANGE_LOOP_ANALYSIS = YES;
				CLANG_WARN_STRICT_PROTOTYPES = YES;
				CLANG_WARN_SUSPICIOUS_MOVE = YES;
				CLANG_WARN_UNGUARDED_AVAILABILITY = YES_AGGRESSIVE;
				CLANG_WARN_UNREACHABLE_CODE = YES;
				CLANG_WARN__DUPLICATE_METHOD_MATCH = YES;
				COPY_PHASE_STRIP = NO;
				DEBUG_INFORMATION_FORMAT = dwarf;
				ENABLE_STRICT_OBJC_MSGSEND = YES;
				ENABLE_TESTABILITY = YES;
				GCC_C_LANGUAGE_STANDARD = gnu11;
				GCC_DYNAMIC_NO_PIC = NO;
				GCC_NO_COMMON_BLOCKS = YES;
				GCC_OPTIMIZATION_LEVEL = 0;
				GCC_PREPROCESSOR_DEFINITIONS = (
					"DEBUG=1",
					"$(inherited)",
				);
				GCC_WARN_64_TO_32_BIT_CONVERSION = YES;
				GCC_WARN_ABOUT_RETURN_TYPE = YES_ERROR;
				GCC_WARN_UNDECLARED_SELECTOR = YES;
				GCC_WARN_UNINITIALIZED_AUTOS = YES_AGGRESSIVE;
				GCC_WARN_UNUSED_FUNCTION = YES;
				GCC_WARN_UNUSED_VARIABLE = YES;
				IPHONEOS_DEPLOYMENT_TARGET = 13.2;
				MTL_ENABLE_DEBUG_INFO = INCLUDE_SOURCE;
				MTL_FAST_MATH = YES;
				ONLY_ACTIVE_ARCH = YES;
				SDKROOT = iphoneos;
				SWIFT_ACTIVE_COMPILATION_CONDITIONS = DEBUG;
				SWIFT_OPTIMIZATION_LEVEL = "-Onone";
			};
			name = Debug;
		};
		CDCF2D6123C57CEB00107BF1 /* Release */ = {
			isa = XCBuildConfiguration;
			buildSettings = {
				ALWAYS_SEARCH_USER_PATHS = NO;
				CLANG_ANALYZER_NONNULL = YES;
				CLANG_ANALYZER_NUMBER_OBJECT_CONVERSION = YES_AGGRESSIVE;
				CLANG_CXX_LANGUAGE_STANDARD = "gnu++14";
				CLANG_CXX_LIBRARY = "libc++";
				CLANG_ENABLE_MODULES = YES;
				CLANG_ENABLE_OBJC_ARC = YES;
				CLANG_ENABLE_OBJC_WEAK = YES;
				CLANG_WARN_BLOCK_CAPTURE_AUTORELEASING = YES;
				CLANG_WARN_BOOL_CONVERSION = YES;
				CLANG_WARN_COMMA = YES;
				CLANG_WARN_CONSTANT_CONVERSION = YES;
				CLANG_WARN_DEPRECATED_OBJC_IMPLEMENTATIONS = YES;
				CLANG_WARN_DIRECT_OBJC_ISA_USAGE = YES_ERROR;
				CLANG_WARN_DOCUMENTATION_COMMENTS = YES;
				CLANG_WARN_EMPTY_BODY = YES;
				CLANG_WARN_ENUM_CONVERSION = YES;
				CLANG_WARN_INFINITE_RECURSION = YES;
				CLANG_WARN_INT_CONVERSION = YES;
				CLANG_WARN_NON_LITERAL_NULL_CONVERSION = YES;
				CLANG_WARN_OBJC_IMPLICIT_RETAIN_SELF = YES;
				CLANG_WARN_OBJC_LITERAL_CONVERSION = YES;
				CLANG_WARN_OBJC_ROOT_CLASS = YES_ERROR;
				CLANG_WARN_RANGE_LOOP_ANALYSIS = YES;
				CLANG_WARN_STRICT_PROTOTYPES = YES;
				CLANG_WARN_SUSPICIOUS_MOVE = YES;
				CLANG_WARN_UNGUARDED_AVAILABILITY = YES_AGGRESSIVE;
				CLANG_WARN_UNREACHABLE_CODE = YES;
				CLANG_WARN__DUPLICATE_METHOD_MATCH = YES;
				COPY_PHASE_STRIP = NO;
				DEBUG_INFORMATION_FORMAT = "dwarf-with-dsym";
				ENABLE_NS_ASSERTIONS = NO;
				ENABLE_STRICT_OBJC_MSGSEND = YES;
				GCC_C_LANGUAGE_STANDARD = gnu11;
				GCC_NO_COMMON_BLOCKS = YES;
				GCC_WARN_64_TO_32_BIT_CONVERSION = YES;
				GCC_WARN_ABOUT_RETURN_TYPE = YES_ERROR;
				GCC_WARN_UNDECLARED_SELECTOR = YES;
				GCC_WARN_UNINITIALIZED_AUTOS = YES_AGGRESSIVE;
				GCC_WARN_UNUSED_FUNCTION = YES;
				GCC_WARN_UNUSED_VARIABLE = YES;
				IPHONEOS_DEPLOYMENT_TARGET = 13.2;
				MTL_ENABLE_DEBUG_INFO = NO;
				MTL_FAST_MATH = YES;
				SDKROOT = iphoneos;
				SWIFT_COMPILATION_MODE = wholemodule;
				SWIFT_OPTIMIZATION_LEVEL = "-O";
				VALIDATE_PRODUCT = YES;
			};
			name = Release;
		};
		CDCF2D7B23C57F0700107BF1 /* Debug */ = {
			isa = XCBuildConfiguration;
			buildSettings = {
				ASSETCATALOG_COMPILER_APPICON_NAME = AppIcon;
				CODE_SIGN_STYLE = Automatic;
				DEVELOPMENT_TEAM = 3L8RM3MDLS;
				INFOPLIST_FILE = iOS/Info.plist;
				IPHONEOS_DEPLOYMENT_TARGET = 10.0;
				LD_RUNPATH_SEARCH_PATHS = (
					"$(inherited)",
					"@executable_path/Frameworks",
				);
				PRODUCT_BUNDLE_IDENTIFIER = linhey.pod.template.ios.iOS;
				PRODUCT_NAME = "$(TARGET_NAME)";
				SWIFT_VERSION = 5.0;
				TARGETED_DEVICE_FAMILY = "1,2";
			};
			name = Debug;
		};
		CDCF2D7C23C57F0700107BF1 /* Release */ = {
			isa = XCBuildConfiguration;
			buildSettings = {
				ASSETCATALOG_COMPILER_APPICON_NAME = AppIcon;
				CODE_SIGN_STYLE = Automatic;
				DEVELOPMENT_TEAM = 3L8RM3MDLS;
				INFOPLIST_FILE = iOS/Info.plist;
				IPHONEOS_DEPLOYMENT_TARGET = 10.0;
				LD_RUNPATH_SEARCH_PATHS = (
					"$(inherited)",
					"@executable_path/Frameworks",
				);
				PRODUCT_BUNDLE_IDENTIFIER = linhey.pod.template.ios.iOS;
				PRODUCT_NAME = "$(TARGET_NAME)";
				SWIFT_VERSION = 5.0;
				TARGETED_DEVICE_FAMILY = "1,2";
			};
			name = Release;
		};
		CDCF2DCE23C5D98900107BF1 /* Debug */ = {
			isa = XCBuildConfiguration;
			buildSettings = {
				ASSETCATALOG_COMPILER_APPICON_NAME = AppIcon;
				CODE_SIGN_ENTITLEMENTS = tvOS/tvOS.entitlements;
				CODE_SIGN_IDENTITY = "-";
				CODE_SIGN_STYLE = Automatic;
				COMBINE_HIDPI_IMAGES = YES;
				DEVELOPMENT_TEAM = 3L8RM3MDLS;
				ENABLE_HARDENED_RUNTIME = YES;
				INFOPLIST_FILE = tvOS/Info.plist;
				LD_RUNPATH_SEARCH_PATHS = (
					"$(inherited)",
					"@executable_path/../Frameworks",
				);
				MACOSX_DEPLOYMENT_TARGET = 10.10;
				PRODUCT_BUNDLE_IDENTIFIER = linhey.pod.template.tvOS.tvOS;
				PRODUCT_NAME = "$(TARGET_NAME)";
				SDKROOT = macosx;
				SWIFT_VERSION = 5.0;
			};
			name = Debug;
		};
		CDCF2DCF23C5D98900107BF1 /* Release */ = {
			isa = XCBuildConfiguration;
			buildSettings = {
				ASSETCATALOG_COMPILER_APPICON_NAME = AppIcon;
				CODE_SIGN_ENTITLEMENTS = tvOS/tvOS.entitlements;
				CODE_SIGN_IDENTITY = "-";
				CODE_SIGN_STYLE = Automatic;
				COMBINE_HIDPI_IMAGES = YES;
				DEVELOPMENT_TEAM = 3L8RM3MDLS;
				ENABLE_HARDENED_RUNTIME = YES;
				INFOPLIST_FILE = tvOS/Info.plist;
				LD_RUNPATH_SEARCH_PATHS = (
					"$(inherited)",
					"@executable_path/../Frameworks",
				);
				MACOSX_DEPLOYMENT_TARGET = 10.10;
				PRODUCT_BUNDLE_IDENTIFIER = linhey.pod.template.tvOS.tvOS;
				PRODUCT_NAME = "$(TARGET_NAME)";
				SDKROOT = macosx;
				SWIFT_VERSION = 5.0;
			};
			name = Release;
		};
		CDCF2DF523C5D9B200107BF1 /* Debug */ = {
			isa = XCBuildConfiguration;
			buildSettings = {
				ASSETCATALOG_COMPILER_COMPLICATION_NAME = Complication;
				CODE_SIGN_STYLE = Automatic;
				DEVELOPMENT_TEAM = 3L8RM3MDLS;
				INFOPLIST_FILE = "watchOS WatchKit Extension/Info.plist";
				LD_RUNPATH_SEARCH_PATHS = (
					"$(inherited)",
					"@executable_path/Frameworks",
					"@executable_path/../../Frameworks",
				);
				PRODUCT_BUNDLE_IDENTIFIER = linhey.pod.template.watchOS.watchOS.watchkitapp.watchkitextension;
				PRODUCT_NAME = "${TARGET_NAME}";
				SDKROOT = watchos;
				SKIP_INSTALL = YES;
				SWIFT_VERSION = 5.0;
				TARGETED_DEVICE_FAMILY = 4;
				WATCHOS_DEPLOYMENT_TARGET = 6.0;
			};
			name = Debug;
		};
		CDCF2DF623C5D9B200107BF1 /* Release */ = {
			isa = XCBuildConfiguration;
			buildSettings = {
				ASSETCATALOG_COMPILER_COMPLICATION_NAME = Complication;
				CODE_SIGN_STYLE = Automatic;
				DEVELOPMENT_TEAM = 3L8RM3MDLS;
				INFOPLIST_FILE = "watchOS WatchKit Extension/Info.plist";
				LD_RUNPATH_SEARCH_PATHS = (
					"$(inherited)",
					"@executable_path/Frameworks",
					"@executable_path/../../Frameworks",
				);
				PRODUCT_BUNDLE_IDENTIFIER = linhey.pod.template.watchOS.watchOS.watchkitapp.watchkitextension;
				PRODUCT_NAME = "${TARGET_NAME}";
				SDKROOT = watchos;
				SKIP_INSTALL = YES;
				SWIFT_VERSION = 5.0;
				TARGETED_DEVICE_FAMILY = 4;
				WATCHOS_DEPLOYMENT_TARGET = 6.0;
			};
			name = Release;
		};
		CDCF2DF923C5D9B200107BF1 /* Debug */ = {
			isa = XCBuildConfiguration;
			buildSettings = {
				ALWAYS_EMBED_SWIFT_STANDARD_LIBRARIES = YES;
				ASSETCATALOG_COMPILER_APPICON_NAME = AppIcon;
				CODE_SIGN_STYLE = Automatic;
				DEVELOPMENT_TEAM = 3L8RM3MDLS;
				IBSC_MODULE = watchOS_WatchKit_Extension;
				INFOPLIST_FILE = "watchOS WatchKit App/Info.plist";
				PRODUCT_BUNDLE_IDENTIFIER = linhey.pod.template.watchOS.watchOS.watchkitapp;
				PRODUCT_NAME = "$(TARGET_NAME)";
				SDKROOT = watchos;
				SKIP_INSTALL = YES;
				SWIFT_VERSION = 5.0;
				TARGETED_DEVICE_FAMILY = 4;
				WATCHOS_DEPLOYMENT_TARGET = 6.0;
			};
			name = Debug;
		};
		CDCF2DFA23C5D9B200107BF1 /* Release */ = {
			isa = XCBuildConfiguration;
			buildSettings = {
				ALWAYS_EMBED_SWIFT_STANDARD_LIBRARIES = YES;
				ASSETCATALOG_COMPILER_APPICON_NAME = AppIcon;
				CODE_SIGN_STYLE = Automatic;
				DEVELOPMENT_TEAM = 3L8RM3MDLS;
				IBSC_MODULE = watchOS_WatchKit_Extension;
				INFOPLIST_FILE = "watchOS WatchKit App/Info.plist";
				PRODUCT_BUNDLE_IDENTIFIER = linhey.pod.template.watchOS.watchOS.watchkitapp;
				PRODUCT_NAME = "$(TARGET_NAME)";
				SDKROOT = watchos;
				SKIP_INSTALL = YES;
				SWIFT_VERSION = 5.0;
				TARGETED_DEVICE_FAMILY = 4;
				WATCHOS_DEPLOYMENT_TARGET = 6.0;
			};
			name = Release;
		};
		CDCF2DFD23C5D9B200107BF1 /* Debug */ = {
			isa = XCBuildConfiguration;
			buildSettings = {
				CODE_SIGN_STYLE = Automatic;
				CURRENT_PROJECT_VERSION = 1;
				DEVELOPMENT_TEAM = 3L8RM3MDLS;
				MARKETING_VERSION = 1.0;
				PRODUCT_BUNDLE_IDENTIFIER = linhey.pod.template.watchOS.watchOS;
				PRODUCT_NAME = "$(TARGET_NAME)";
				SWIFT_VERSION = 5.0;
			};
			name = Debug;
		};
		CDCF2DFE23C5D9B200107BF1 /* Release */ = {
			isa = XCBuildConfiguration;
			buildSettings = {
				CODE_SIGN_STYLE = Automatic;
				CURRENT_PROJECT_VERSION = 1;
				DEVELOPMENT_TEAM = 3L8RM3MDLS;
				MARKETING_VERSION = 1.0;
				PRODUCT_BUNDLE_IDENTIFIER = linhey.pod.template.watchOS.watchOS;
				PRODUCT_NAME = "$(TARGET_NAME)";
				SWIFT_VERSION = 5.0;
			};
			name = Release;
		};
/* End XCBuildConfiguration section */

/* Begin XCConfigurationList section */
		CD394C5A242BB83300277F88 /* Build configuration list for PBXNativeTarget "macOS" */ = {
			isa = XCConfigurationList;
			buildConfigurations = (
				CD394C5B242BB83300277F88 /* Debug */,
				CD394C5C242BB83300277F88 /* Release */,
			);
			defaultConfigurationIsVisible = 0;
			defaultConfigurationName = Release;
		};
		CDCF2D4923C57CEA00107BF1 /* Build configuration list for PBXProject "Template" */ = {
			isa = XCConfigurationList;
			buildConfigurations = (
				CDCF2D6023C57CEB00107BF1 /* Debug */,
				CDCF2D6123C57CEB00107BF1 /* Release */,
			);
			defaultConfigurationIsVisible = 0;
			defaultConfigurationName = Release;
		};
		CDCF2D7A23C57F0700107BF1 /* Build configuration list for PBXNativeTarget "iOS" */ = {
			isa = XCConfigurationList;
			buildConfigurations = (
				CDCF2D7B23C57F0700107BF1 /* Debug */,
				CDCF2D7C23C57F0700107BF1 /* Release */,
			);
			defaultConfigurationIsVisible = 0;
			defaultConfigurationName = Release;
		};
		CDCF2DD023C5D98900107BF1 /* Build configuration list for PBXNativeTarget "tvOS" */ = {
			isa = XCConfigurationList;
			buildConfigurations = (
				CDCF2DCE23C5D98900107BF1 /* Debug */,
				CDCF2DCF23C5D98900107BF1 /* Release */,
			);
			defaultConfigurationIsVisible = 0;
			defaultConfigurationName = Release;
		};
		CDCF2DF423C5D9B200107BF1 /* Build configuration list for PBXNativeTarget "watchOS WatchKit Extension" */ = {
			isa = XCConfigurationList;
			buildConfigurations = (
				CDCF2DF523C5D9B200107BF1 /* Debug */,
				CDCF2DF623C5D9B200107BF1 /* Release */,
			);
			defaultConfigurationIsVisible = 0;
			defaultConfigurationName = Release;
		};
		CDCF2DF823C5D9B200107BF1 /* Build configuration list for PBXNativeTarget "watchOS WatchKit App" */ = {
			isa = XCConfigurationList;
			buildConfigurations = (
				CDCF2DF923C5D9B200107BF1 /* Debug */,
				CDCF2DFA23C5D9B200107BF1 /* Release */,
			);
			defaultConfigurationIsVisible = 0;
			defaultConfigurationName = Release;
		};
		CDCF2DFC23C5D9B200107BF1 /* Build configuration list for PBXNativeTarget "watchOS" */ = {
			isa = XCConfigurationList;
			buildConfigurations = (
				CDCF2DFD23C5D9B200107BF1 /* Debug */,
				CDCF2DFE23C5D9B200107BF1 /* Release */,
			);
			defaultConfigurationIsVisible = 0;
			defaultConfigurationName = Release;
		};
/* End XCConfigurationList section */

/* Begin XCRemoteSwiftPackageReference section */
		CD394C3D242B8B5000277F88 /* XCRemoteSwiftPackageReference "Stem" */ = {
			isa = XCRemoteSwiftPackageReference;
			repositoryURL = "https://github.com/linhay/Stem.git";
			requirement = {
				branch = develop;
				kind = branch;
			};
		};
/* End XCRemoteSwiftPackageReference section */

/* Begin XCSwiftPackageProductDependency section */
		CD394C3E242B8B5000277F88 /* Stem */ = {
			isa = XCSwiftPackageProductDependency;
			package = CD394C3D242B8B5000277F88 /* XCRemoteSwiftPackageReference "Stem" */;
			productName = Stem;
		};
		CD8147FC242BBA1800D2DF0A /* StemCore */ = {
			isa = XCSwiftPackageProductDependency;
			package = CD394C3D242B8B5000277F88 /* XCRemoteSwiftPackageReference "Stem" */;
			productName = StemCore;
		};
/* End XCSwiftPackageProductDependency section */
	};
	rootObject = CDCF2D4623C57CEA00107BF1 /* Project object */;
}
