PODS:
  - Stem (0.0.33):
    - Stem/Core (= 0.0.33)
    - Stem/CrossPlatform (= 0.0.33)
    - Stem/STUIKit (= 0.0.33)
    - Stem/UIKit (= 0.0.33)
  - Stem/Core (0.0.33)
  - Stem/CrossPlatform (0.0.33):
    - Stem/Core

DEPENDENCIES:
  - Stem (from `../Stem.podspec`)

EXTERNAL SOURCES:
  Stem:
    :path: "../Stem.podspec"

SPEC CHECKSUMS:
  Stem: 4cff14a2aa3febfb7e1aff2163b4f684e8fa9e34

PODFILE CHECKSUM: 7bf800043c1943ec9d380241b7bf6ac4476e7dba

COCOAPODS: 1.10.0
