PODS:
  - Stem (0.0.32):
    - Stem/Core (= 0.0.32)
    - Stem/CrossPlatform (= 0.0.32)
    - Stem/Runtime (= 0.0.32)
    - Stem/STUIKit (= 0.0.32)
    - Stem/UIKit (= 0.0.32)
  - Stem/Core (0.0.32)
  - Stem/CrossPlatform (0.0.32):
    - Stem/Core
    - Stem/Runtime
  - Stem/Runtime (0.0.32):
    - Stem/Core

DEPENDENCIES:
  - Stem (from `../Stem.podspec`)

EXTERNAL SOURCES:
  Stem:
    :path: "../Stem.podspec"

SPEC CHECKSUMS:
  Stem: 2ba44849102fc984b3e1d7a59f1dad966b229b55

PODFILE CHECKSUM: 7bf800043c1943ec9d380241b7bf6ac4476e7dba

COCOAPODS: 1.10.0
