{
  "object": {
    "pins": [
      {
        "package": "Stem",
        "repositoryURL": "https://github.com/linhay/Stem.git",
        "state": {
          "branch": "develop",
          "revision": "31e6a1ee142a619dd941b02f1ec69bf034d9f523",
          "version": null
        }
      }
    ]
  },
  "version": 1
}
