{
  "object": {
    "pins": [
      {
        "package": "StemCore",
        "repositoryURL": "https://github.com/linhay/Stem.git",
        "state": {
          "branch": "develop",
          "revision": "994df41b170d89e86ff7893ef9888ae780e5147e",
          "version": null
        }
      }
    ]
  },
  "version": 1
}
