{
  "object": {
    "pins": [
      {
        "package": "Stem",
        "repositoryURL": "/Users/linhey/Desktop/linhey/pod_template_stem/",
        "state": {
          "branch": "master",
          "revision": "080d76736d4728d84e2002c227d7a6c74355d7d4",
          "version": null
        }
      }
    ]
  },
  "version": 1
}
