PODS:
  - Stem (0.0.32):
    - Stem/AVKit (= 0.0.32)
    - Stem/Core (= 0.0.32)
    - Stem/CoreText (= 0.0.32)
    - Stem/CrossPlatform (= 0.0.32)
    - Stem/Custom (= 0.0.32)
    - Stem/Foundation (= 0.0.32)
    - Stem/Fundamentals (= 0.0.32)
    - Stem/NSObject (= 0.0.32)
    - Stem/Runtime (= 0.0.32)
    - Stem/STUIKit (= 0.0.32)
    - Stem/UIKit (= 0.0.32)
    - Stem/WebKit (= 0.0.32)
  - Stem/AVKit (0.0.32):
    - Stem/Core
  - Stem/Core (0.0.32)
  - Stem/CoreText (0.0.32):
    - Stem/Core
  - Stem/CrossPlatform (0.0.32):
    - Stem/Core
    - Stem/Foundation
    - Stem/NSObject
    - Stem/Runtime
  - Stem/Custom (0.0.32):
    - Stem/Core
    - Stem/NSObject
  - Stem/Foundation (0.0.32):
    - Stem/Core
    - Stem/Fundamentals
  - Stem/Fundamentals (0.0.32):
    - Stem/Core
  - Stem/NSObject (0.0.32):
    - Stem/Core
  - Stem/Runtime (0.0.32):
    - Stem/Core
  - Stem/STUIKit (0.0.32):
    - Stem/UIKit
  - Stem/UIKit (0.0.32):
    - Stem/Core
    - Stem/Foundation
    - Stem/NSObject
    - Stem/Runtime
  - Stem/WebKit (0.0.32):
    - Stem/Core
  - SwiftLint (0.39.2)

DEPENDENCIES:
  - Stem (from `../Stem.podspec`)
  - SwiftLint

SPEC REPOS:
  trunk:
    - SwiftLint

EXTERNAL SOURCES:
  Stem:
    :path: "../Stem.podspec"

SPEC CHECKSUMS:
  Stem: fa3287de5d52fbf54454bc7ff4e0a033bd36d5de
  SwiftLint: 22ccbbe3b8008684be5955693bab135e0ed6a447

PODFILE CHECKSUM: 81732c1b7c7b7ada7b9b58db8ae676ceeac0f17e

COCOAPODS: 1.9.3
