PODS:
  - Stem (0.0.33):
    - Stem/Core (= 0.0.33)
    - Stem/CrossPlatform (= 0.0.33)
    - Stem/STUIKit (= 0.0.33)
    - Stem/UIKit (= 0.0.33)
  - Stem/Core (0.0.33)
  - Stem/CrossPlatform (0.0.33):
    - Stem/Core
  - Stem/STUIKit (0.0.33):
    - Stem/Core
    - Stem/CrossPlatform
    - Stem/UIKit
  - Stem/UIKit (0.0.33):
    - Stem/Core
    - Stem/CrossPlatform
  - SwiftLint (0.40.3)

DEPENDENCIES:
  - Stem (from `../Stem.podspec`)
  - SwiftLint

SPEC REPOS:
  trunk:
    - SwiftLint

EXTERNAL SOURCES:
  Stem:
    :path: "../Stem.podspec"

SPEC CHECKSUMS:
  Stem: 4cff14a2aa3febfb7e1aff2163b4f684e8fa9e34
  SwiftLint: dfd554ff0dff17288ee574814ccdd5cea85d76f7

PODFILE CHECKSUM: 81732c1b7c7b7ada7b9b58db8ae676ceeac0f17e

COCOAPODS: 1.10.0
