PODS:
  - Stem (0.0.32):
    - Stem/Core (= 0.0.32)
    - Stem/CrossPlatform (= 0.0.32)
    - Stem/Runtime (= 0.0.32)
    - Stem/STUIKit (= 0.0.32)
    - Stem/UIKit (= 0.0.32)
  - Stem/Core (0.0.32)
  - Stem/CrossPlatform (0.0.32):
    - Stem/Core
    - Stem/Runtime
  - Stem/Runtime (0.0.32):
    - Stem/Core
  - Stem/STUIKit (0.0.32):
    - Stem/Core
    - Stem/CrossPlatform
    - Stem/Runtime
    - Stem/UIKit
  - Stem/UIKit (0.0.32):
    - Stem/Core
    - Stem/CrossPlatform
    - Stem/Runtime
  - SwiftLint (0.40.3)

DEPENDENCIES:
  - Stem (from `../Stem.podspec`)
  - SwiftLint

SPEC REPOS:
  trunk:
    - SwiftLint

EXTERNAL SOURCES:
  Stem:
    :path: "../Stem.podspec"

SPEC CHECKSUMS:
  Stem: 2ba44849102fc984b3e1d7a59f1dad966b229b55
  SwiftLint: dfd554ff0dff17288ee574814ccdd5cea85d76f7

PODFILE CHECKSUM: 81732c1b7c7b7ada7b9b58db8ae676ceeac0f17e

COCOAPODS: 1.10.0
