{
  "object": {
    "pins": [
      {
        "package": "SectionKit",
        "repositoryURL": "https://github.com/linhay/SectionKit",
        "state": {
          "branch": "feature/1.0.0",
          "revision": "038b31e9c9399aabf507de805536a2ea0b71adc0",
          "version": null
        }
      },
      {
        "package": "SnapKit",
        "repositoryURL": "https://github.com/SnapKit/SnapKit",
        "state": {
          "branch": null,
          "revision": "d458564516e5676af9c70b4f4b2a9178294f1bc6",
          "version": "5.0.1"
        }
      }
    ]
  },
  "version": 1
}
