// !$*UTF8*$!
{
	archiveVersion = 1;
	classes = {
	};
	objectVersion = 46;
	objects = {

/* Begin PBXBuildFile section */
		CD16B0E223BDC3B80085D650 /* AppDelegate.swift in Sources */ = {isa = PBXBuildFile; fileRef = CD16B0E123BDC3B80085D650 /* AppDelegate.swift */; };
		CD16B0E423BDC3B80085D650 /* SceneDelegate.swift in Sources */ = {isa = PBXBuildFile; fileRef = CD16B0E323BDC3B80085D650 /* SceneDelegate.swift */; };
		CD16B0E623BDC3B80085D650 /* ViewController.swift in Sources */ = {isa = PBXBuildFile; fileRef = CD16B0E523BDC3B80085D650 /* ViewController.swift */; };
		CD16B0E923BDC3B80085D650 /* Main.storyboard in Resources */ = {isa = PBXBuildFile; fileRef = CD16B0E723BDC3B80085D650 /* Main.storyboard */; };
		CD16B0EB23BDC3B80085D650 /* Assets.xcassets in Resources */ = {isa = PBXBuildFile; fileRef = CD16B0EA23BDC3B80085D650 /* Assets.xcassets */; };
		CD16B0EE23BDC3B80085D650 /* LaunchScreen.storyboard in Resources */ = {isa = PBXBuildFile; fileRef = CD16B0EC23BDC3B80085D650 /* LaunchScreen.storyboard */; };
		CD16B10023BDC4090085D650 /* TestCALayerViewController.swift in Sources */ = {isa = PBXBuildFile; fileRef = CD16B0F423BDC4090085D650 /* TestCALayerViewController.swift */; };
		CD16B10123BDC4090085D650 /* TestUIViewViewController.swift in Sources */ = {isa = PBXBuildFile; fileRef = CD16B0F523BDC4090085D650 /* TestUIViewViewController.swift */; };
		CD16B10223BDC4090085D650 /* TestButtonViewController.swift in Sources */ = {isa = PBXBuildFile; fileRef = CD16B0F623BDC4090085D650 /* TestButtonViewController.swift */; };
		CD16B10323BDC4090085D650 /* BaseViewController.swift in Sources */ = {isa = PBXBuildFile; fileRef = CD16B0F723BDC4090085D650 /* BaseViewController.swift */; };
		CD16B10423BDC4090085D650 /* TestImageViewController.swift in Sources */ = {isa = PBXBuildFile; fileRef = CD16B0F823BDC4090085D650 /* TestImageViewController.swift */; };
		CD16B10523BDC4090085D650 /* TestVCViewController.swift in Sources */ = {isa = PBXBuildFile; fileRef = CD16B0F923BDC4090085D650 /* TestVCViewController.swift */; };
		CD16B10623BDC40A0085D650 /* TestNavbar01ViewController.swift in Sources */ = {isa = PBXBuildFile; fileRef = CD16B0FA23BDC4090085D650 /* TestNavbar01ViewController.swift */; };
		CD16B10723BDC40A0085D650 /* TestImageColorController.swift in Sources */ = {isa = PBXBuildFile; fileRef = CD16B0FB23BDC4090085D650 /* TestImageColorController.swift */; };
		CD16B10823BDC40A0085D650 /* TestGestureViewController.swift in Sources */ = {isa = PBXBuildFile; fileRef = CD16B0FC23BDC4090085D650 /* TestGestureViewController.swift */; };
		CD16B10923BDC40A0085D650 /* TestVideoViewController.swift in Sources */ = {isa = PBXBuildFile; fileRef = CD16B0FD23BDC4090085D650 /* TestVideoViewController.swift */; };
		CD16B10A23BDC40A0085D650 /* TestImageController.swift in Sources */ = {isa = PBXBuildFile; fileRef = CD16B0FE23BDC4090085D650 /* TestImageController.swift */; };
		CD16B10B23BDC40A0085D650 /* TestInputViewController.swift in Sources */ = {isa = PBXBuildFile; fileRef = CD16B0FF23BDC4090085D650 /* TestInputViewController.swift */; };
		D19AE17BF79014C065301E8C /* Pods_iOS.framework in Frameworks */ = {isa = PBXBuildFile; fileRef = 14148F3C61300844F21A5068 /* Pods_iOS.framework */; };
/* End PBXBuildFile section */

/* Begin PBXFileReference section */
		1354FB75AD208DE3BD84A0A7 /* Pods_Stem_Tests.framework */ = {isa = PBXFileReference; explicitFileType = wrapper.framework; includeInIndex = 0; path = Pods_Stem_Tests.framework; sourceTree = BUILT_PRODUCTS_DIR; };
		14148F3C61300844F21A5068 /* Pods_iOS.framework */ = {isa = PBXFileReference; explicitFileType = wrapper.framework; includeInIndex = 0; path = Pods_iOS.framework; sourceTree = BUILT_PRODUCTS_DIR; };
		3AE607380B2DF850C8B6DB1E /* README.md */ = {isa = PBXFileReference; includeInIndex = 1; lastKnownFileType = net.daringfireball.markdown; name = README.md; path = ../README.md; sourceTree = "<group>"; };
		5C12EAA7DF6A553C9469C96F /* Pods-Stem_Tests.release.xcconfig */ = {isa = PBXFileReference; includeInIndex = 1; lastKnownFileType = text.xcconfig; name = "Pods-Stem_Tests.release.xcconfig"; path = "Target Support Files/Pods-Stem_Tests/Pods-Stem_Tests.release.xcconfig"; sourceTree = "<group>"; };
		66BFF339591890C74F66DBA9 /* Pods-iOS.release.xcconfig */ = {isa = PBXFileReference; includeInIndex = 1; lastKnownFileType = text.xcconfig; name = "Pods-iOS.release.xcconfig"; path = "Target Support Files/Pods-iOS/Pods-iOS.release.xcconfig"; sourceTree = "<group>"; };
		861760F18AACC9BDE7A6DA86 /* Pods-stem_macos_example.debug.xcconfig */ = {isa = PBXFileReference; includeInIndex = 1; lastKnownFileType = text.xcconfig; name = "Pods-stem_macos_example.debug.xcconfig"; path = "Target Support Files/Pods-stem_macos_example/Pods-stem_macos_example.debug.xcconfig"; sourceTree = "<group>"; };
		A0755716043C4CB45869337D /* LICENSE */ = {isa = PBXFileReference; includeInIndex = 1; lastKnownFileType = text; name = LICENSE; path = ../LICENSE; sourceTree = "<group>"; };
		A3E5BC396F2596ECC876D51F /* Pods_stem_macos_example.framework */ = {isa = PBXFileReference; explicitFileType = wrapper.framework; includeInIndex = 0; path = Pods_stem_macos_example.framework; sourceTree = BUILT_PRODUCTS_DIR; };
		C5BB2E0562DBB1DB3EDDC28E /* Pods-Stem_Tests.debug.xcconfig */ = {isa = PBXFileReference; includeInIndex = 1; lastKnownFileType = text.xcconfig; name = "Pods-Stem_Tests.debug.xcconfig"; path = "Target Support Files/Pods-Stem_Tests/Pods-Stem_Tests.debug.xcconfig"; sourceTree = "<group>"; };
		CD16B0DF23BDC3B80085D650 /* iOS.app */ = {isa = PBXFileReference; explicitFileType = wrapper.application; includeInIndex = 0; path = iOS.app; sourceTree = BUILT_PRODUCTS_DIR; };
		CD16B0E123BDC3B80085D650 /* AppDelegate.swift */ = {isa = PBXFileReference; lastKnownFileType = sourcecode.swift; path = AppDelegate.swift; sourceTree = "<group>"; };
		CD16B0E323BDC3B80085D650 /* SceneDelegate.swift */ = {isa = PBXFileReference; lastKnownFileType = sourcecode.swift; path = SceneDelegate.swift; sourceTree = "<group>"; };
		CD16B0E523BDC3B80085D650 /* ViewController.swift */ = {isa = PBXFileReference; lastKnownFileType = sourcecode.swift; path = ViewController.swift; sourceTree = "<group>"; };
		CD16B0E823BDC3B80085D650 /* Base */ = {isa = PBXFileReference; lastKnownFileType = file.storyboard; name = Base; path = Base.lproj/Main.storyboard; sourceTree = "<group>"; };
		CD16B0EA23BDC3B80085D650 /* Assets.xcassets */ = {isa = PBXFileReference; lastKnownFileType = folder.assetcatalog; path = Assets.xcassets; sourceTree = "<group>"; };
		CD16B0ED23BDC3B80085D650 /* Base */ = {isa = PBXFileReference; lastKnownFileType = file.storyboard; name = Base; path = Base.lproj/LaunchScreen.storyboard; sourceTree = "<group>"; };
		CD16B0EF23BDC3B80085D650 /* Info.plist */ = {isa = PBXFileReference; lastKnownFileType = text.plist.xml; path = Info.plist; sourceTree = "<group>"; };
		CD16B0F423BDC4090085D650 /* TestCALayerViewController.swift */ = {isa = PBXFileReference; fileEncoding = 4; lastKnownFileType = sourcecode.swift; path = TestCALayerViewController.swift; sourceTree = "<group>"; };
		CD16B0F523BDC4090085D650 /* TestUIViewViewController.swift */ = {isa = PBXFileReference; fileEncoding = 4; lastKnownFileType = sourcecode.swift; path = TestUIViewViewController.swift; sourceTree = "<group>"; };
		CD16B0F623BDC4090085D650 /* TestButtonViewController.swift */ = {isa = PBXFileReference; fileEncoding = 4; lastKnownFileType = sourcecode.swift; path = TestButtonViewController.swift; sourceTree = "<group>"; };
		CD16B0F723BDC4090085D650 /* BaseViewController.swift */ = {isa = PBXFileReference; fileEncoding = 4; lastKnownFileType = sourcecode.swift; path = BaseViewController.swift; sourceTree = "<group>"; };
		CD16B0F823BDC4090085D650 /* TestImageViewController.swift */ = {isa = PBXFileReference; fileEncoding = 4; lastKnownFileType = sourcecode.swift; path = TestImageViewController.swift; sourceTree = "<group>"; };
		CD16B0F923BDC4090085D650 /* TestVCViewController.swift */ = {isa = PBXFileReference; fileEncoding = 4; lastKnownFileType = sourcecode.swift; path = TestVCViewController.swift; sourceTree = "<group>"; };
		CD16B0FA23BDC4090085D650 /* TestNavbar01ViewController.swift */ = {isa = PBXFileReference; fileEncoding = 4; lastKnownFileType = sourcecode.swift; path = TestNavbar01ViewController.swift; sourceTree = "<group>"; };
		CD16B0FB23BDC4090085D650 /* TestImageColorController.swift */ = {isa = PBXFileReference; fileEncoding = 4; lastKnownFileType = sourcecode.swift; path = TestImageColorController.swift; sourceTree = "<group>"; };
		CD16B0FC23BDC4090085D650 /* TestGestureViewController.swift */ = {isa = PBXFileReference; fileEncoding = 4; lastKnownFileType = sourcecode.swift; path = TestGestureViewController.swift; sourceTree = "<group>"; };
		CD16B0FD23BDC4090085D650 /* TestVideoViewController.swift */ = {isa = PBXFileReference; fileEncoding = 4; lastKnownFileType = sourcecode.swift; path = TestVideoViewController.swift; sourceTree = "<group>"; };
		CD16B0FE23BDC4090085D650 /* TestImageController.swift */ = {isa = PBXFileReference; fileEncoding = 4; lastKnownFileType = sourcecode.swift; path = TestImageController.swift; sourceTree = "<group>"; };
		CD16B0FF23BDC4090085D650 /* TestInputViewController.swift */ = {isa = PBXFileReference; fileEncoding = 4; lastKnownFileType = sourcecode.swift; path = TestInputViewController.swift; sourceTree = "<group>"; };
		CD3D4F8022A8DDA200A63348 /* Gemfile */ = {isa = PBXFileReference; fileEncoding = 4; lastKnownFileType = text; name = Gemfile; path = ../Gemfile; sourceTree = "<group>"; };
		CD3D4F8122A8DDA200A63348 /* Gemfile.lock */ = {isa = PBXFileReference; fileEncoding = 4; lastKnownFileType = text; name = Gemfile.lock; path = ../Gemfile.lock; sourceTree = "<group>"; };
		CD84E69623630D6C000F5E9B /* string+range.playground */ = {isa = PBXFileReference; lastKnownFileType = file.playground; path = "string+range.playground"; sourceTree = "<group>"; xcLanguageSpecificationIdentifier = xcode.lang.swift; };
		CDD47A07234C7AFA00691618 /* AttributedString.playground */ = {isa = PBXFileReference; lastKnownFileType = file.playground; path = AttributedString.playground; sourceTree = "<group>"; xcLanguageSpecificationIdentifier = xcode.lang.swift; };
		CDECD17122C5BB9000015160 /* test-video.mp4 */ = {isa = PBXFileReference; lastKnownFileType = file; path = "test-video.mp4"; sourceTree = "<group>"; };
		D1ECD002EB1D2D6C8A4DCA57 /* Stem.podspec */ = {isa = PBXFileReference; includeInIndex = 1; lastKnownFileType = text; name = Stem.podspec; path = ../Stem.podspec; sourceTree = "<group>"; xcLanguageSpecificationIdentifier = xcode.lang.ruby; };
		DDBDE8AC12E37EBA7D4F9249 /* Pods-stem_macos_example.release.xcconfig */ = {isa = PBXFileReference; includeInIndex = 1; lastKnownFileType = text.xcconfig; name = "Pods-stem_macos_example.release.xcconfig"; path = "Target Support Files/Pods-stem_macos_example/Pods-stem_macos_example.release.xcconfig"; sourceTree = "<group>"; };
		E8794C41D38DF128A7C06B9A /* Pods-iOS.debug.xcconfig */ = {isa = PBXFileReference; includeInIndex = 1; lastKnownFileType = text.xcconfig; name = "Pods-iOS.debug.xcconfig"; path = "Target Support Files/Pods-iOS/Pods-iOS.debug.xcconfig"; sourceTree = "<group>"; };
/* End PBXFileReference section */

/* Begin PBXFrameworksBuildPhase section */
		CD16B0DC23BDC3B80085D650 /* Frameworks */ = {
			isa = PBXFrameworksBuildPhase;
			buildActionMask = 2147483647;
			files = (
				D19AE17BF79014C065301E8C /* Pods_iOS.framework in Frameworks */,
			);
			runOnlyForDeploymentPostprocessing = 0;
		};
/* End PBXFrameworksBuildPhase section */

/* Begin PBXGroup section */
		09FE0DA2F9027F91F86D75FA /* Frameworks */ = {
			isa = PBXGroup;
			children = (
				1354FB75AD208DE3BD84A0A7 /* Pods_Stem_Tests.framework */,
				A3E5BC396F2596ECC876D51F /* Pods_stem_macos_example.framework */,
				14148F3C61300844F21A5068 /* Pods_iOS.framework */,
			);
			name = Frameworks;
			sourceTree = "<group>";
		};
		5BD455E9EFE34948772C7A30 /* Pods */ = {
			isa = PBXGroup;
			children = (
				C5BB2E0562DBB1DB3EDDC28E /* Pods-Stem_Tests.debug.xcconfig */,
				5C12EAA7DF6A553C9469C96F /* Pods-Stem_Tests.release.xcconfig */,
				861760F18AACC9BDE7A6DA86 /* Pods-stem_macos_example.debug.xcconfig */,
				DDBDE8AC12E37EBA7D4F9249 /* Pods-stem_macos_example.release.xcconfig */,
				E8794C41D38DF128A7C06B9A /* Pods-iOS.debug.xcconfig */,
				66BFF339591890C74F66DBA9 /* Pods-iOS.release.xcconfig */,
			);
			path = Pods;
			sourceTree = "<group>";
		};
		607FACC71AFB9204008FA782 = {
			isa = PBXGroup;
			children = (
				CDD47A06234C7AAD00691618 /* playgrounds */,
				607FACF51AFB993E008FA782 /* Podspec Metadata */,
				CD16B0E023BDC3B80085D650 /* iOS */,
				607FACD11AFB9204008FA782 /* Products */,
				5BD455E9EFE34948772C7A30 /* Pods */,
				09FE0DA2F9027F91F86D75FA /* Frameworks */,
			);
			sourceTree = "<group>";
		};
		607FACD11AFB9204008FA782 /* Products */ = {
			isa = PBXGroup;
			children = (
				CD16B0DF23BDC3B80085D650 /* iOS.app */,
			);
			name = Products;
			sourceTree = "<group>";
		};
		607FACF51AFB993E008FA782 /* Podspec Metadata */ = {
			isa = PBXGroup;
			children = (
				CD3D4F8022A8DDA200A63348 /* Gemfile */,
				CD3D4F8122A8DDA200A63348 /* Gemfile.lock */,
				D1ECD002EB1D2D6C8A4DCA57 /* Stem.podspec */,
				3AE607380B2DF850C8B6DB1E /* README.md */,
				A0755716043C4CB45869337D /* LICENSE */,
			);
			name = "Podspec Metadata";
			sourceTree = "<group>";
		};
		CD16B0E023BDC3B80085D650 /* iOS */ = {
			isa = PBXGroup;
			children = (
				CD16B0F323BDC4090085D650 /* Demo */,
				CDECD17122C5BB9000015160 /* test-video.mp4 */,
				CD16B0E123BDC3B80085D650 /* AppDelegate.swift */,
				CD16B0E323BDC3B80085D650 /* SceneDelegate.swift */,
				CD16B0E523BDC3B80085D650 /* ViewController.swift */,
				CD16B0E723BDC3B80085D650 /* Main.storyboard */,
				CD16B0EA23BDC3B80085D650 /* Assets.xcassets */,
				CD16B0EC23BDC3B80085D650 /* LaunchScreen.storyboard */,
				CD16B0EF23BDC3B80085D650 /* Info.plist */,
			);
			path = iOS;
			sourceTree = "<group>";
		};
		CD16B0F323BDC4090085D650 /* Demo */ = {
			isa = PBXGroup;
			children = (
				CD16B0F423BDC4090085D650 /* TestCALayerViewController.swift */,
				CD16B0F523BDC4090085D650 /* TestUIViewViewController.swift */,
				CD16B0F623BDC4090085D650 /* TestButtonViewController.swift */,
				CD16B0F723BDC4090085D650 /* BaseViewController.swift */,
				CD16B0F823BDC4090085D650 /* TestImageViewController.swift */,
				CD16B0F923BDC4090085D650 /* TestVCViewController.swift */,
				CD16B0FA23BDC4090085D650 /* TestNavbar01ViewController.swift */,
				CD16B0FB23BDC4090085D650 /* TestImageColorController.swift */,
				CD16B0FC23BDC4090085D650 /* TestGestureViewController.swift */,
				CD16B0FD23BDC4090085D650 /* TestVideoViewController.swift */,
				CD16B0FE23BDC4090085D650 /* TestImageController.swift */,
				CD16B0FF23BDC4090085D650 /* TestInputViewController.swift */,
			);
			path = Demo;
			sourceTree = "<group>";
		};
		CDD47A06234C7AAD00691618 /* playgrounds */ = {
			isa = PBXGroup;
			children = (
				CD84E69623630D6C000F5E9B /* string+range.playground */,
				CDD47A07234C7AFA00691618 /* AttributedString.playground */,
			);
			path = playgrounds;
			sourceTree = "<group>";
		};
/* End PBXGroup section */

/* Begin PBXNativeTarget section */
		CD16B0DE23BDC3B80085D650 /* iOS */ = {
			isa = PBXNativeTarget;
			buildConfigurationList = CD16B0F023BDC3B80085D650 /* Build configuration list for PBXNativeTarget "iOS" */;
			buildPhases = (
				12F8D280A5D9FC6BBD98DC02 /* [CP] Check Pods Manifest.lock */,
				CD16B0DB23BDC3B80085D650 /* Sources */,
				CD16B0DC23BDC3B80085D650 /* Frameworks */,
				CD16B0DD23BDC3B80085D650 /* Resources */,
				A325D26BF33A29CFF4604051 /* [CP] Embed Pods Frameworks */,
			);
			buildRules = (
			);
			dependencies = (
			);
			name = iOS;
			productName = iOS;
			productReference = CD16B0DF23BDC3B80085D650 /* iOS.app */;
			productType = "com.apple.product-type.application";
		};
/* End PBXNativeTarget section */

/* Begin PBXProject section */
		607FACC81AFB9204008FA782 /* Project object */ = {
			isa = PBXProject;
			attributes = {
				LastSwiftUpdateCheck = 1130;
				LastUpgradeCheck = 1020;
				ORGANIZATIONNAME = CocoaPods;
				TargetAttributes = {
					CD16B0DE23BDC3B80085D650 = {
						CreatedOnToolsVersion = 11.3;
						DevelopmentTeam = 3L8RM3MDLS;
						ProvisioningStyle = Automatic;
					};
				};
			};
			buildConfigurationList = 607FACCB1AFB9204008FA782 /* Build configuration list for PBXProject "Stem" */;
			compatibilityVersion = "Xcode 3.2";
			developmentRegion = en;
			hasScannedForEncodings = 0;
			knownRegions = (
				en,
				Base,
			);
			mainGroup = 607FACC71AFB9204008FA782;
			productRefGroup = 607FACD11AFB9204008FA782 /* Products */;
			projectDirPath = "";
			projectRoot = "";
			targets = (
				CD16B0DE23BDC3B80085D650 /* iOS */,
			);
		};
/* End PBXProject section */

/* Begin PBXResourcesBuildPhase section */
		CD16B0DD23BDC3B80085D650 /* Resources */ = {
			isa = PBXResourcesBuildPhase;
			buildActionMask = 2147483647;
			files = (
				CD16B0EE23BDC3B80085D650 /* LaunchScreen.storyboard in Resources */,
				CD16B0EB23BDC3B80085D650 /* Assets.xcassets in Resources */,
				CD16B0E923BDC3B80085D650 /* Main.storyboard in Resources */,
			);
			runOnlyForDeploymentPostprocessing = 0;
		};
/* End PBXResourcesBuildPhase section */

/* Begin PBXShellScriptBuildPhase section */
		12F8D280A5D9FC6BBD98DC02 /* [CP] Check Pods Manifest.lock */ = {
			isa = PBXShellScriptBuildPhase;
			buildActionMask = 2147483647;
			files = (
			);
			inputFileListPaths = (
			);
			inputPaths = (
				"${PODS_PODFILE_DIR_PATH}/Podfile.lock",
				"${PODS_ROOT}/Manifest.lock",
			);
			name = "[CP] Check Pods Manifest.lock";
			outputFileListPaths = (
			);
			outputPaths = (
				"$(DERIVED_FILE_DIR)/Pods-iOS-checkManifestLockResult.txt",
			);
			runOnlyForDeploymentPostprocessing = 0;
			shellPath = /bin/sh;
			shellScript = "diff \"${PODS_PODFILE_DIR_PATH}/Podfile.lock\" \"${PODS_ROOT}/Manifest.lock\" > /dev/null\nif [ $? != 0 ] ; then\n    # print error to STDERR\n    echo \"error: The sandbox is not in sync with the Podfile.lock. Run 'pod install' or update your CocoaPods installation.\" >&2\n    exit 1\nfi\n# This output is used by Xcode 'outputs' to avoid re-running this script phase.\necho \"SUCCESS\" > \"${SCRIPT_OUTPUT_FILE_0}\"\n";
			showEnvVarsInLog = 0;
		};
		A325D26BF33A29CFF4604051 /* [CP] Embed Pods Frameworks */ = {
			isa = PBXShellScriptBuildPhase;
			buildActionMask = 2147483647;
			files = (
			);
			inputPaths = (
				"${PODS_ROOT}/Target Support Files/Pods-iOS/Pods-iOS-frameworks.sh",
				"${BUILT_PRODUCTS_DIR}/SVProgressHUD/SVProgressHUD.framework",
				"${BUILT_PRODUCTS_DIR}/SnapKit/SnapKit.framework",
				"${BUILT_PRODUCTS_DIR}/Stem/Stem.framework",
				"${BUILT_PRODUCTS_DIR}/Stuart/Stuart.framework",
				"${BUILT_PRODUCTS_DIR}/Then/Then.framework",
			);
			name = "[CP] Embed Pods Frameworks";
			outputPaths = (
				"${TARGET_BUILD_DIR}/${FRAMEWORKS_FOLDER_PATH}/SVProgressHUD.framework",
				"${TARGET_BUILD_DIR}/${FRAMEWORKS_FOLDER_PATH}/SnapKit.framework",
				"${TARGET_BUILD_DIR}/${FRAMEWORKS_FOLDER_PATH}/Stem.framework",
				"${TARGET_BUILD_DIR}/${FRAMEWORKS_FOLDER_PATH}/Stuart.framework",
				"${TARGET_BUILD_DIR}/${FRAMEWORKS_FOLDER_PATH}/Then.framework",
			);
			runOnlyForDeploymentPostprocessing = 0;
			shellPath = /bin/sh;
			shellScript = "\"${PODS_ROOT}/Target Support Files/Pods-iOS/Pods-iOS-frameworks.sh\"\n";
			showEnvVarsInLog = 0;
		};
/* End PBXShellScriptBuildPhase section */

/* Begin PBXSourcesBuildPhase section */
		CD16B0DB23BDC3B80085D650 /* Sources */ = {
			isa = PBXSourcesBuildPhase;
			buildActionMask = 2147483647;
			files = (
				CD16B0E623BDC3B80085D650 /* ViewController.swift in Sources */,
				CD16B10A23BDC40A0085D650 /* TestImageController.swift in Sources */,
				CD16B0E223BDC3B80085D650 /* AppDelegate.swift in Sources */,
				CD16B10423BDC4090085D650 /* TestImageViewController.swift in Sources */,
				CD16B10023BDC4090085D650 /* TestCALayerViewController.swift in Sources */,
				CD16B10B23BDC40A0085D650 /* TestInputViewController.swift in Sources */,
				CD16B10823BDC40A0085D650 /* TestGestureViewController.swift in Sources */,
				CD16B0E423BDC3B80085D650 /* SceneDelegate.swift in Sources */,
				CD16B10523BDC4090085D650 /* TestVCViewController.swift in Sources */,
				CD16B10623BDC40A0085D650 /* TestNavbar01ViewController.swift in Sources */,
				CD16B10223BDC4090085D650 /* TestButtonViewController.swift in Sources */,
				CD16B10923BDC40A0085D650 /* TestVideoViewController.swift in Sources */,
				CD16B10323BDC4090085D650 /* BaseViewController.swift in Sources */,
				CD16B10723BDC40A0085D650 /* TestImageColorController.swift in Sources */,
				CD16B10123BDC4090085D650 /* TestUIViewViewController.swift in Sources */,
			);
			runOnlyForDeploymentPostprocessing = 0;
		};
/* End PBXSourcesBuildPhase section */

/* Begin PBXVariantGroup section */
		CD16B0E723BDC3B80085D650 /* Main.storyboard */ = {
			isa = PBXVariantGroup;
			children = (
				CD16B0E823BDC3B80085D650 /* Base */,
			);
			name = Main.storyboard;
			sourceTree = "<group>";
		};
		CD16B0EC23BDC3B80085D650 /* LaunchScreen.storyboard */ = {
			isa = PBXVariantGroup;
			children = (
				CD16B0ED23BDC3B80085D650 /* Base */,
			);
			name = LaunchScreen.storyboard;
			sourceTree = "<group>";
		};
/* End PBXVariantGroup section */

/* Begin XCBuildConfiguration section */
		607FACED1AFB9204008FA782 /* Debug */ = {
			isa = XCBuildConfiguration;
			buildSettings = {
				ALWAYS_SEARCH_USER_PATHS = NO;
				CLANG_ANALYZER_LOCALIZABILITY_NONLOCALIZED = YES;
				CLANG_CXX_LANGUAGE_STANDARD = "gnu++0x";
				CLANG_CXX_LIBRARY = "libc++";
				CLANG_ENABLE_MODULES = YES;
				CLANG_ENABLE_OBJC_ARC = YES;
				CLANG_WARN_BLOCK_CAPTURE_AUTORELEASING = YES;
				CLANG_WARN_BOOL_CONVERSION = YES;
				CLANG_WARN_COMMA = YES;
				CLANG_WARN_CONSTANT_CONVERSION = YES;
				CLANG_WARN_DEPRECATED_OBJC_IMPLEMENTATIONS = YES;
				CLANG_WARN_DIRECT_OBJC_ISA_USAGE = YES_ERROR;
				CLANG_WARN_EMPTY_BODY = YES;
				CLANG_WARN_ENUM_CONVERSION = YES;
				CLANG_WARN_INFINITE_RECURSION = YES;
				CLANG_WARN_INT_CONVERSION = YES;
				CLANG_WARN_NON_LITERAL_NULL_CONVERSION = YES;
				CLANG_WARN_OBJC_IMPLICIT_RETAIN_SELF = YES;
				CLANG_WARN_OBJC_LITERAL_CONVERSION = YES;
				CLANG_WARN_OBJC_ROOT_CLASS = YES_ERROR;
				CLANG_WARN_RANGE_LOOP_ANALYSIS = YES;
				CLANG_WARN_STRICT_PROTOTYPES = YES;
				CLANG_WARN_SUSPICIOUS_MOVE = YES;
				CLANG_WARN_UNREACHABLE_CODE = YES;
				CLANG_WARN__DUPLICATE_METHOD_MATCH = YES;
				"CODE_SIGN_IDENTITY[sdk=iphoneos*]" = "iPhone Developer";
				COPY_PHASE_STRIP = NO;
				DEBUG_INFORMATION_FORMAT = "dwarf-with-dsym";
				ENABLE_STRICT_OBJC_MSGSEND = YES;
				ENABLE_TESTABILITY = YES;
				GCC_C_LANGUAGE_STANDARD = gnu99;
				GCC_DYNAMIC_NO_PIC = NO;
				GCC_NO_COMMON_BLOCKS = YES;
				GCC_OPTIMIZATION_LEVEL = 0;
				GCC_PREPROCESSOR_DEFINITIONS = (
					"DEBUG=1",
					"$(inherited)",
				);
				GCC_SYMBOLS_PRIVATE_EXTERN = NO;
				GCC_WARN_64_TO_32_BIT_CONVERSION = YES;
				GCC_WARN_ABOUT_RETURN_TYPE = YES_ERROR;
				GCC_WARN_UNDECLARED_SELECTOR = YES;
				GCC_WARN_UNINITIALIZED_AUTOS = YES_AGGRESSIVE;
				GCC_WARN_UNUSED_FUNCTION = YES;
				GCC_WARN_UNUSED_VARIABLE = YES;
				IPHONEOS_DEPLOYMENT_TARGET = 9.3;
				MTL_ENABLE_DEBUG_INFO = YES;
				ONLY_ACTIVE_ARCH = YES;
				SDKROOT = iphoneos;
				SWIFT_OPTIMIZATION_LEVEL = "-Onone";
			};
			name = Debug;
		};
		607FACEE1AFB9204008FA782 /* Release */ = {
			isa = XCBuildConfiguration;
			buildSettings = {
				ALWAYS_SEARCH_USER_PATHS = NO;
				CLANG_ANALYZER_LOCALIZABILITY_NONLOCALIZED = YES;
				CLANG_CXX_LANGUAGE_STANDARD = "gnu++0x";
				CLANG_CXX_LIBRARY = "libc++";
				CLANG_ENABLE_MODULES = YES;
				CLANG_ENABLE_OBJC_ARC = YES;
				CLANG_WARN_BLOCK_CAPTURE_AUTORELEASING = YES;
				CLANG_WARN_BOOL_CONVERSION = YES;
				CLANG_WARN_COMMA = YES;
				CLANG_WARN_CONSTANT_CONVERSION = YES;
				CLANG_WARN_DEPRECATED_OBJC_IMPLEMENTATIONS = YES;
				CLANG_WARN_DIRECT_OBJC_ISA_USAGE = YES_ERROR;
				CLANG_WARN_EMPTY_BODY = YES;
				CLANG_WARN_ENUM_CONVERSION = YES;
				CLANG_WARN_INFINITE_RECURSION = YES;
				CLANG_WARN_INT_CONVERSION = YES;
				CLANG_WARN_NON_LITERAL_NULL_CONVERSION = YES;
				CLANG_WARN_OBJC_IMPLICIT_RETAIN_SELF = YES;
				CLANG_WARN_OBJC_LITERAL_CONVERSION = YES;
				CLANG_WARN_OBJC_ROOT_CLASS = YES_ERROR;
				CLANG_WARN_RANGE_LOOP_ANALYSIS = YES;
				CLANG_WARN_STRICT_PROTOTYPES = YES;
				CLANG_WARN_SUSPICIOUS_MOVE = YES;
				CLANG_WARN_UNREACHABLE_CODE = YES;
				CLANG_WARN__DUPLICATE_METHOD_MATCH = YES;
				"CODE_SIGN_IDENTITY[sdk=iphoneos*]" = "iPhone Developer";
				COPY_PHASE_STRIP = NO;
				DEBUG_INFORMATION_FORMAT = "dwarf-with-dsym";
				ENABLE_NS_ASSERTIONS = NO;
				ENABLE_STRICT_OBJC_MSGSEND = YES;
				GCC_C_LANGUAGE_STANDARD = gnu99;
				GCC_NO_COMMON_BLOCKS = YES;
				GCC_WARN_64_TO_32_BIT_CONVERSION = YES;
				GCC_WARN_ABOUT_RETURN_TYPE = YES_ERROR;
				GCC_WARN_UNDECLARED_SELECTOR = YES;
				GCC_WARN_UNINITIALIZED_AUTOS = YES_AGGRESSIVE;
				GCC_WARN_UNUSED_FUNCTION = YES;
				GCC_WARN_UNUSED_VARIABLE = YES;
				IPHONEOS_DEPLOYMENT_TARGET = 9.3;
				MTL_ENABLE_DEBUG_INFO = NO;
				SDKROOT = iphoneos;
				SWIFT_OPTIMIZATION_LEVEL = "-Owholemodule";
				VALIDATE_PRODUCT = YES;
			};
			name = Release;
		};
		CD16B0F123BDC3B80085D650 /* Debug */ = {
			isa = XCBuildConfiguration;
			baseConfigurationReference = E8794C41D38DF128A7C06B9A /* Pods-iOS.debug.xcconfig */;
			buildSettings = {
				ASSETCATALOG_COMPILER_APPICON_NAME = AppIcon;
				CLANG_ANALYZER_NONNULL = YES;
				CLANG_ANALYZER_NUMBER_OBJECT_CONVERSION = YES_AGGRESSIVE;
				CLANG_CXX_LANGUAGE_STANDARD = "gnu++14";
				CLANG_ENABLE_OBJC_WEAK = YES;
				CLANG_WARN_DOCUMENTATION_COMMENTS = YES;
				CLANG_WARN_UNGUARDED_AVAILABILITY = YES_AGGRESSIVE;
				CODE_SIGN_STYLE = Automatic;
				DEBUG_INFORMATION_FORMAT = dwarf;
				DEVELOPMENT_TEAM = 3L8RM3MDLS;
				GCC_C_LANGUAGE_STANDARD = gnu11;
				INFOPLIST_FILE = iOS/Info.plist;
				IPHONEOS_DEPLOYMENT_TARGET = 13.2;
				LD_RUNPATH_SEARCH_PATHS = "$(inherited) @executable_path/Frameworks";
				MTL_ENABLE_DEBUG_INFO = INCLUDE_SOURCE;
				MTL_FAST_MATH = YES;
				PRODUCT_BUNDLE_IDENTIFIER = linhey.stem.iOS;
				PRODUCT_NAME = "$(TARGET_NAME)";
				SWIFT_ACTIVE_COMPILATION_CONDITIONS = DEBUG;
				SWIFT_VERSION = 5.0;
				TARGETED_DEVICE_FAMILY = "1,2";
			};
			name = Debug;
		};
		CD16B0F223BDC3B80085D650 /* Release */ = {
			isa = XCBuildConfiguration;
			baseConfigurationReference = 66BFF339591890C74F66DBA9 /* Pods-iOS.release.xcconfig */;
			buildSettings = {
				ASSETCATALOG_COMPILER_APPICON_NAME = AppIcon;
				CLANG_ANALYZER_NONNULL = YES;
				CLANG_ANALYZER_NUMBER_OBJECT_CONVERSION = YES_AGGRESSIVE;
				CLANG_CXX_LANGUAGE_STANDARD = "gnu++14";
				CLANG_ENABLE_OBJC_WEAK = YES;
				CLANG_WARN_DOCUMENTATION_COMMENTS = YES;
				CLANG_WARN_UNGUARDED_AVAILABILITY = YES_AGGRESSIVE;
				CODE_SIGN_STYLE = Automatic;
				DEVELOPMENT_TEAM = 3L8RM3MDLS;
				GCC_C_LANGUAGE_STANDARD = gnu11;
				INFOPLIST_FILE = iOS/Info.plist;
				IPHONEOS_DEPLOYMENT_TARGET = 13.2;
				LD_RUNPATH_SEARCH_PATHS = "$(inherited) @executable_path/Frameworks";
				MTL_FAST_MATH = YES;
				PRODUCT_BUNDLE_IDENTIFIER = linhey.stem.iOS;
				PRODUCT_NAME = "$(TARGET_NAME)";
				SWIFT_VERSION = 5.0;
				TARGETED_DEVICE_FAMILY = "1,2";
			};
			name = Release;
		};
/* End XCBuildConfiguration section */

/* Begin XCConfigurationList section */
		607FACCB1AFB9204008FA782 /* Build configuration list for PBXProject "Stem" */ = {
			isa = XCConfigurationList;
			buildConfigurations = (
				607FACED1AFB9204008FA782 /* Debug */,
				607FACEE1AFB9204008FA782 /* Release */,
			);
			defaultConfigurationIsVisible = 0;
			defaultConfigurationName = Release;
		};
		CD16B0F023BDC3B80085D650 /* Build configuration list for PBXNativeTarget "iOS" */ = {
			isa = XCConfigurationList;
			buildConfigurations = (
				CD16B0F123BDC3B80085D650 /* Debug */,
				CD16B0F223BDC3B80085D650 /* Release */,
			);
			defaultConfigurationIsVisible = 0;
			defaultConfigurationName = Release;
		};
/* End XCConfigurationList section */
	};
	rootObject = 607FACC81AFB9204008FA782 /* Project object */;
}
